
Microsoft Visual Studio Solution File, Format Version 12.00
# Visual Studio 14
VisualStudioVersion = 14.0.25123.0
MinimumVisualStudioVersion = 10.0.40219.1
Project("{2150E333-8FDC-42A3-9474-1A3956D46DE8}") = "Engine", "Engine", "{8847FA31-A17A-489E-BB55-4E15984BB8E1}"
EndProject
Project("{2150E333-8FDC-42A3-9474-1A3956D46DE8}") = "Games", "Games", "{CB299FFB-E53F-4506-9F0D-7E42D7D21296}"
EndProject
Project("{8BC9CEB8-8B4A-11D0-8D11-00A0C91BC942}") = "UE4", "Intermediate\ProjectFiles\UE4.vcxproj", "{4BCD563E-B778-4A3F-8D65-ABF3311D0488}"
EndProject
Project("{8BC9CEB8-8B4A-11D0-8D11-00A0C91BC942}") = "nSpace", "Intermediate\ProjectFiles\nSpace.vcxproj", "{76378C12-1C06-42DD-9F3D-03625009CE9C}"
EndProject
Global
	GlobalSection(SolutionConfigurationPlatforms) = preSolution
		DebugGame Editor|HTML5 = DebugGame Editor|HTML5
		DebugGame Editor|Win32 = DebugGame Editor|Win32
		DebugGame Editor|Win64 = DebugGame Editor|Win64
		DebugGame|HTML5 = DebugGame|HTML5
		DebugGame|Win32 = DebugGame|Win32
		DebugGame|Win64 = DebugGame|Win64
		Development Editor|HTML5 = Development Editor|HTML5
		Development Editor|Win32 = Development Editor|Win32
		Development Editor|Win64 = Development Editor|Win64
		Development|HTML5 = Development|HTML5
		Development|Win32 = Development|Win32
		Development|Win64 = Development|Win64
		Shipping|HTML5 = Shipping|HTML5
		Shipping|Win32 = Shipping|Win32
		Shipping|Win64 = Shipping|Win64
	EndGlobalSection
	GlobalSection(ProjectConfigurationPlatforms) = postSolution
		{4BCD563E-B778-4A3F-8D65-ABF3311D0488}.DebugGame Editor|HTML5.ActiveCfg = BuiltWithUnrealBuildTool|Win32
		{4BCD563E-B778-4A3F-8D65-ABF3311D0488}.DebugGame Editor|HTML5.Build.0 = BuiltWithUnrealBuildTool|Win32
		{4BCD563E-B778-4A3F-8D65-ABF3311D0488}.DebugGame Editor|Win32.ActiveCfg = BuiltWithUnrealBuildTool|Win32
		{4BCD563E-B778-4A3F-8D65-ABF3311D0488}.DebugGame Editor|Win32.Build.0 = BuiltWithUnrealBuildTool|Win32
		{4BCD563E-B778-4A3F-8D65-ABF3311D0488}.DebugGame Editor|Win64.ActiveCfg = BuiltWithUnrealBuildTool|Win32
		{4BCD563E-B778-4A3F-8D65-ABF3311D0488}.DebugGame Editor|Win64.Build.0 = BuiltWithUnrealBuildTool|Win32
		{4BCD563E-B778-4A3F-8D65-ABF3311D0488}.DebugGame|HTML5.ActiveCfg = BuiltWithUnrealBuildTool|Win32
		{4BCD563E-B778-4A3F-8D65-ABF3311D0488}.DebugGame|HTML5.Build.0 = BuiltWithUnrealBuildTool|Win32
		{4BCD563E-B778-4A3F-8D65-ABF3311D0488}.DebugGame|Win32.ActiveCfg = BuiltWithUnrealBuildTool|Win32
		{4BCD563E-B778-4A3F-8D65-ABF3311D0488}.DebugGame|Win32.Build.0 = BuiltWithUnrealBuildTool|Win32
		{4BCD563E-B778-4A3F-8D65-ABF3311D0488}.DebugGame|Win64.ActiveCfg = BuiltWithUnrealBuildTool|Win32
		{4BCD563E-B778-4A3F-8D65-ABF3311D0488}.DebugGame|Win64.Build.0 = BuiltWithUnrealBuildTool|Win32
		{4BCD563E-B778-4A3F-8D65-ABF3311D0488}.Development Editor|HTML5.ActiveCfg = BuiltWithUnrealBuildTool|Win32
		{4BCD563E-B778-4A3F-8D65-ABF3311D0488}.Development Editor|HTML5.Build.0 = BuiltWithUnrealBuildTool|Win32
		{4BCD563E-B778-4A3F-8D65-ABF3311D0488}.Development Editor|Win32.ActiveCfg = BuiltWithUnrealBuildTool|Win32
		{4BCD563E-B778-4A3F-8D65-ABF3311D0488}.Development Editor|Win32.Build.0 = BuiltWithUnrealBuildTool|Win32
		{4BCD563E-B778-4A3F-8D65-ABF3311D0488}.Development Editor|Win64.ActiveCfg = BuiltWithUnrealBuildTool|Win32
		{4BCD563E-B778-4A3F-8D65-ABF3311D0488}.Development Editor|Win64.Build.0 = BuiltWithUnrealBuildTool|Win32
		{4BCD563E-B778-4A3F-8D65-ABF3311D0488}.Development|HTML5.ActiveCfg = BuiltWithUnrealBuildTool|Win32
		{4BCD563E-B778-4A3F-8D65-ABF3311D0488}.Development|HTML5.Build.0 = BuiltWithUnrealBuildTool|Win32
		{4BCD563E-B778-4A3F-8D65-ABF3311D0488}.Development|Win32.ActiveCfg = BuiltWithUnrealBuildTool|Win32
		{4BCD563E-B778-4A3F-8D65-ABF3311D0488}.Development|Win32.Build.0 = BuiltWithUnrealBuildTool|Win32
		{4BCD563E-B778-4A3F-8D65-ABF3311D0488}.Development|Win64.ActiveCfg = BuiltWithUnrealBuildTool|Win32
		{4BCD563E-B778-4A3F-8D65-ABF3311D0488}.Development|Win64.Build.0 = BuiltWithUnrealBuildTool|Win32
		{4BCD563E-B778-4A3F-8D65-ABF3311D0488}.Shipping|HTML5.ActiveCfg = BuiltWithUnrealBuildTool|Win32
		{4BCD563E-B778-4A3F-8D65-ABF3311D0488}.Shipping|HTML5.Build.0 = BuiltWithUnrealBuildTool|Win32
		{4BCD563E-B778-4A3F-8D65-ABF3311D0488}.Shipping|Win32.ActiveCfg = BuiltWithUnrealBuildTool|Win32
		{4BCD563E-B778-4A3F-8D65-ABF3311D0488}.Shipping|Win32.Build.0 = BuiltWithUnrealBuildTool|Win32
		{4BCD563E-B778-4A3F-8D65-ABF3311D0488}.Shipping|Win64.ActiveCfg = BuiltWithUnrealBuildTool|Win32
		{4BCD563E-B778-4A3F-8D65-ABF3311D0488}.Shipping|Win64.Build.0 = BuiltWithUnrealBuildTool|Win32
		{76378C12-1C06-42DD-9F3D-03625009CE9C}.DebugGame Editor|HTML5.ActiveCfg = HTML5_DebugGame_Editor|Win32
		{76378C12-1C06-42DD-9F3D-03625009CE9C}.DebugGame Editor|Win32.ActiveCfg = DebugGame_Editor|Win32
		{76378C12-1C06-42DD-9F3D-03625009CE9C}.DebugGame Editor|Win64.ActiveCfg = DebugGame_Editor|x64
		{76378C12-1C06-42DD-9F3D-03625009CE9C}.DebugGame Editor|Win64.Build.0 = DebugGame_Editor|x64
		{76378C12-1C06-42DD-9F3D-03625009CE9C}.DebugGame|HTML5.ActiveCfg = HTML5_DebugGame_Game|Win32
		{76378C12-1C06-42DD-9F3D-03625009CE9C}.DebugGame|HTML5.Build.0 = HTML5_DebugGame_Game|Win32
		{76378C12-1C06-42DD-9F3D-03625009CE9C}.DebugGame|Win32.ActiveCfg = DebugGame_Game|Win32
		{76378C12-1C06-42DD-9F3D-03625009CE9C}.DebugGame|Win32.Build.0 = DebugGame_Game|Win32
		{76378C12-1C06-42DD-9F3D-03625009CE9C}.DebugGame|Win64.ActiveCfg = DebugGame_Game|x64
		{76378C12-1C06-42DD-9F3D-03625009CE9C}.DebugGame|Win64.Build.0 = DebugGame_Game|x64
		{76378C12-1C06-42DD-9F3D-03625009CE9C}.Development Editor|HTML5.ActiveCfg = HTML5_Development_Editor|Win32
		{76378C12-1C06-42DD-9F3D-03625009CE9C}.Development Editor|Win32.ActiveCfg = Development_Editor|Win32
		{76378C12-1C06-42DD-9F3D-03625009CE9C}.Development Editor|Win64.ActiveCfg = Development_Editor|x64
		{76378C12-1C06-42DD-9F3D-03625009CE9C}.Development Editor|Win64.Build.0 = Development_Editor|x64
		{76378C12-1C06-42DD-9F3D-03625009CE9C}.Development|HTML5.ActiveCfg = HTML5_Development_Game|Win32
		{76378C12-1C06-42DD-9F3D-03625009CE9C}.Development|HTML5.Build.0 = HTML5_Development_Game|Win32
		{76378C12-1C06-42DD-9F3D-03625009CE9C}.Development|Win32.ActiveCfg = Development_Game|Win32
		{76378C12-1C06-42DD-9F3D-03625009CE9C}.Development|Win32.Build.0 = Development_Game|Win32
		{76378C12-1C06-42DD-9F3D-03625009CE9C}.Development|Win64.ActiveCfg = Development_Game|x64
		{76378C12-1C06-42DD-9F3D-03625009CE9C}.Development|Win64.Build.0 = Development_Game|x64
		{76378C12-1C06-42DD-9F3D-03625009CE9C}.Shipping|HTML5.ActiveCfg = HTML5_Shipping_Game|Win32
		{76378C12-1C06-42DD-9F3D-03625009CE9C}.Shipping|HTML5.Build.0 = HTML5_Shipping_Game|Win32
		{76378C12-1C06-42DD-9F3D-03625009CE9C}.Shipping|Win32.ActiveCfg = Shipping_Game|Win32
		{76378C12-1C06-42DD-9F3D-03625009CE9C}.Shipping|Win32.Build.0 = Shipping_Game|Win32
		{76378C12-1C06-42DD-9F3D-03625009CE9C}.Shipping|Win64.ActiveCfg = Shipping_Game|x64
		{76378C12-1C06-42DD-9F3D-03625009CE9C}.Shipping|Win64.Build.0 = Shipping_Game|x64
	EndGlobalSection
	GlobalSection(SolutionProperties) = preSolution
		HideSolutionNode = FALSE
	EndGlobalSection
	GlobalSection(NestedProjects) = preSolution
		{4BCD563E-B778-4A3F-8D65-ABF3311D0488} = {8847FA31-A17A-489E-BB55-4E15984BB8E1}
		{76378C12-1C06-42DD-9F3D-03625009CE9C} = {CB299FFB-E53F-4506-9F0D-7E42D7D21296}
	EndGlobalSection
EndGlobal
