<?xml version="1.0" encoding="utf-8"?>
<Project ToolsVersion="4.0" xmlns="http://schemas.microsoft.com/developer/msbuild/2003">
  <ItemGroup>
    <Filter Include="Source Files">
      <UniqueIdentifier>{4FC737F1-C7A5-4376-A066-2A32D752A2FF}</UniqueIdentifier>
      <Extensions>cpp;c;cc;cxx;def;odl;idl;hpj;bat;asm;asmx</Extensions>
    </Filter>
    <Filter Include="Header Files">
      <UniqueIdentifier>{93995380-89BD-4b04-88EB-625FBE52EBFB}</UniqueIdentifier>
      <Extensions>h;hpp;hxx;hm;inl;inc;xsd</Extensions>
    </Filter>
    <Filter Include="Resource Files">
      <UniqueIdentifier>{67DA6AB6-F800-4c08-8B7A-83BB121AAD01}</UniqueIdentifier>
      <Extensions>rc;ico;cur;bmp;dlg;rc2;rct;bin;rgs;gif;jpg;jpeg;jpe;resx;tiff;tif;png;wav;mfcribbon-ms</Extensions>
    </Filter>
  </ItemGroup>
  <ItemGroup>
    <ClCompile Include="bytecach.cpp">
      <Filter>Source Files</Filter>
    </ClCompile>
    <ClCompile Include="lock.cpp">
      <Filter>Source Files</Filter>
    </ClCompile>
    <ClCompile Include="memblck.cpp">
      <Filter>Source Files</Filter>
    </ClCompile>
    <ClCompile Include="persist.cpp">
      <Filter>Source Files</Filter>
    </ClCompile>
    <ClCompile Include="resource.cpp">
      <Filter>Source Files</Filter>
    </ClCompile>
    <ClCompile Include="stmcopy.cpp">
      <Filter>Source Files</Filter>
    </ClCompile>
    <ClCompile Include="stmfs.cpp">
      <Filter>Source Files</Filter>
    </ClCompile>
    <ClCompile Include="stmmem.cpp">
      <Filter>Source Files</Filter>
    </ClCompile>
    <ClCompile Include="stmprbin.cpp">
      <Filter>Source Files</Filter>
    </ClCompile>
    <ClCompile Include="stmprxml.cpp">
      <Filter>Source Files</Filter>
    </ClCompile>
    <ClCompile Include="stmsrc.cpp">
      <Filter>Source Files</Filter>
    </ClCompile>
    <ClCompile Include="stmsrcfs.cpp">
      <Filter>Source Files</Filter>
    </ClCompile>
    <ClCompile Include="stream.cpp">
      <Filter>Source Files</Filter>
    </ClCompile>
    <ClCompile Include="enumdevs.cpp">
      <Filter>Source Files</Filter>
    </ClCompile>
    <ClCompile Include="serial.cpp">
      <Filter>Source Files</Filter>
    </ClCompile>
  </ItemGroup>
  <ItemGroup>
    <ClInclude Include="iol.h">
      <Filter>Header Files</Filter>
    </ClInclude>
    <ClInclude Include="iol_.h">
      <Filter>Header Files</Filter>
    </ClInclude>
  </ItemGroup>
</Project>