
Microsoft Visual Studio Solution File, Format Version 12.00
# Visual Studio 2012
Project("{8BC9CEB8-8B4A-11D0-8D11-00A0C91BC942}") = "ccl", "lib\ccl\ccl.vcxproj", "{8D6E6DC8-BFC1-4D67-8B35-25A94C97BCEB}"
EndProject
Project("{2150E333-8FDC-42A3-9474-1A3956D46DE8}") = "lib", "lib", "{4560AF12-FA84-49FA-94E4-19CB5A898DF0}"
EndProject
Project("{8BC9CEB8-8B4A-11D0-8D11-00A0C91BC942}") = "sysl", "lib\sysl\sysl.vcxproj", "{8532DEAA-56D3-4FF4-8FB8-664EFE6EEF83}"
EndProject
Project("{8BC9CEB8-8B4A-11D0-8D11-00A0C91BC942}") = "adtl", "lib\adtl\adtl.vcxproj", "{B8DE1218-452B-46CE-A380-4B11F3D8C1DA}"
EndProject
Project("{8BC9CEB8-8B4A-11D0-8D11-00A0C91BC942}") = "iol", "lib\iol\iol.vcxproj", "{D46D1142-2F9F-4CAF-8764-F7D8BAE80FFD}"
EndProject
Project("{8BC9CEB8-8B4A-11D0-8D11-00A0C91BC942}") = "nspcl", "lib\nspcl\nspcl.vcxproj", "{422E909B-A304-47A3-A2E6-8959FF5BC156}"
EndProject
Project("{8BC9CEB8-8B4A-11D0-8D11-00A0C91BC942}") = "mathl", "lib\mathl\mathl.vcxproj", "{47939C76-2E04-4023-ADAA-911E6240104B}"
EndProject
Project("{8BC9CEB8-8B4A-11D0-8D11-00A0C91BC942}") = "miscl", "lib\miscl\miscl.vcxproj", "{789616AD-B765-4211-9ACC-0CA60DEB4BD2}"
EndProject
Project("{8BC9CEB8-8B4A-11D0-8D11-00A0C91BC942}") = "netl", "lib\netl\netl.vcxproj", "{1DDE8A69-B646-4786-A636-6D840C603695}"
EndProject
Project("{8BC9CEB8-8B4A-11D0-8D11-00A0C91BC942}") = "nshl", "lib\nshl\nshl.vcxproj", "{A58C30ED-DB36-4390-BEEF-3F050BDD601E}"
EndProject
Project("{8BC9CEB8-8B4A-11D0-8D11-00A0C91BC942}") = "nshxl", "lib\nshxl\nshxl.vcxproj", "{8738FDAD-B4A1-48ED-B021-6FAAB9AB5072}"
EndProject
Project("{8BC9CEB8-8B4A-11D0-8D11-00A0C91BC942}") = "wmil", "lib\wmil\wmil.vcxproj", "{20A2401B-CB2F-4BC0-BD99-A742EE5ABF7B}"
EndProject
Project("{2150E333-8FDC-42A3-9474-1A3956D46DE8}") = "dll", "dll", "{060BE89F-4362-4D47-8ED0-67F456629B3C}"
EndProject
Project("{8BC9CEB8-8B4A-11D0-8D11-00A0C91BC942}") = "adtn", "dll\adtn\adtn.vcxproj", "{27D48BF6-EBC4-417B-9E4E-B7FA2F75D570}"
EndProject
Project("{8BC9CEB8-8B4A-11D0-8D11-00A0C91BC942}") = "ion", "dll\ion\ion.vcxproj", "{6222D284-3E51-4145-8FE1-4FE12C18029C}"
EndProject
Project("{8BC9CEB8-8B4A-11D0-8D11-00A0C91BC942}") = "mathn", "dll\mathn\mathn.vcxproj", "{7435F9F4-3EFE-42AA-9436-0E4D5229CD8D}"
EndProject
Project("{8BC9CEB8-8B4A-11D0-8D11-00A0C91BC942}") = "miscn", "dll\miscn\miscn.vcxproj", "{D3148DDA-8655-4779-B555-0707C04BDB2D}"
EndProject
Project("{8BC9CEB8-8B4A-11D0-8D11-00A0C91BC942}") = "netn", "dll\netn\netn.vcxproj", "{8B820B2B-829F-4C6D-8D16-FD867FA067EF}"
EndProject
Project("{8BC9CEB8-8B4A-11D0-8D11-00A0C91BC942}") = "nspcn", "dll\nspcn\nspcn.vcxproj", "{1F7F5996-F935-45D2-B4D5-E6E51BC465F7}"
EndProject
Project("{8BC9CEB8-8B4A-11D0-8D11-00A0C91BC942}") = "sysn", "dll\sysn\sysn.vcxproj", "{B3A74EA1-07FD-4E38-A10F-2D86CEDBB574}"
EndProject
Project("{8BC9CEB8-8B4A-11D0-8D11-00A0C91BC942}") = "wmin", "dll\wmin\wmin.vcxproj", "{64506169-1F9D-4679-B135-122B46F861EB}"
EndProject
Project("{2150E333-8FDC-42A3-9474-1A3956D46DE8}") = "app", "app", "{EBE57489-1CFE-49BE-A830-8A8C171803DE}"
EndProject
Project("{8BC9CEB8-8B4A-11D0-8D11-00A0C91BC942}") = "nsh", "app\nsh\nsh.vcxproj", "{14EDC47C-C44C-4821-B32D-DFC49FF00F67}"
EndProject
Project("{2150E333-8FDC-42A3-9474-1A3956D46DE8}") = "graph", "graph", "{6136E7F7-76C9-492D-A32C-36C14EF0DE79}"
EndProject
Project("{2150E333-8FDC-42A3-9474-1A3956D46DE8}") = "app", "app", "{960C88F6-B839-44AD-AE18-C1B0BEFA6641}"
	ProjectSection(SolutionItems) = preProject
		..\graph\app\auto.nspc = ..\graph\app\auto.nspc
		..\graph\app\shell.nspc = ..\graph\app\shell.nspc
	EndProjectSection
EndProject
Project("{2150E333-8FDC-42A3-9474-1A3956D46DE8}") = "state", "state", "{5A572578-54D6-40FE-93BC-F8E838082B52}"
	ProjectSection(SolutionItems) = preProject
		..\graph\state\value.nspc = ..\graph\state\value.nspc
	EndProjectSection
EndProject
Project("{2150E333-8FDC-42A3-9474-1A3956D46DE8}") = "graph", "graph", "{23602D14-1F03-4690-B5C4-2022E21B057E}"
	ProjectSection(SolutionItems) = preProject
		..\graph\state\graph\shell.nspc = ..\graph\state\graph\shell.nspc
	EndProjectSection
EndProject
Project("{2150E333-8FDC-42A3-9474-1A3956D46DE8}") = "resource", "resource", "{CF8D6E2C-36DB-48C5-9F9D-B4CAFCB8E13E}"
EndProject
Project("{2150E333-8FDC-42A3-9474-1A3956D46DE8}") = "record", "record", "{83A86A15-2F05-4EFB-B7C1-18592F7F3B06}"
	ProjectSection(SolutionItems) = preProject
		..\resource\record\default.nspc = ..\resource\record\default.nspc
	EndProjectSection
EndProject
Project("{8BC9CEB8-8B4A-11D0-8D11-00A0C91BC942}") = "usbl", "lib\usbl\usbl.vcxproj", "{66F466A4-342A-48F4-B1A6-785C636457D1}"
EndProject
Project("{8BC9CEB8-8B4A-11D0-8D11-00A0C91BC942}") = "usbn", "dll\usbn\usbn.vcxproj", "{3BCB9212-D047-4D43-91B6-ACC8EC9CB7D1}"
EndProject
Project("{2150E333-8FDC-42A3-9474-1A3956D46DE8}") = "lib", "lib", "{8A6113B8-46B6-46BC-9F17-0EDC02FF5EA6}"
	ProjectSection(SolutionItems) = preProject
		..\graph\lib\ordered_list.nspc = ..\graph\lib\ordered_list.nspc
		..\graph\lib\sync_value_q.nspc = ..\graph\lib\sync_value_q.nspc
		..\graph\lib\sync_value_qa.nspc = ..\graph\lib\sync_value_qa.nspc
	EndProjectSection
EndProject
Project("{2150E333-8FDC-42A3-9474-1A3956D46DE8}") = "comm", "comm", "{F3C3B639-4A62-49F9-84F2-787AD5D10D20}"
	ProjectSection(SolutionItems) = preProject
		..\graph\lib\comm\DctStm.nspc = ..\graph\lib\comm\DctStm.nspc
		..\graph\lib\comm\DctStrStm.nspc = ..\graph\lib\comm\DctStrStm.nspc
		..\graph\lib\comm\StmDct.nspc = ..\graph\lib\comm\StmDct.nspc
		..\graph\lib\comm\StmStrDct.nspc = ..\graph\lib\comm\StmStrDct.nspc
		..\graph\lib\comm\StrMemStm.nspc = ..\graph\lib\comm\StrMemStm.nspc
	EndProjectSection
EndProject
Project("{2150E333-8FDC-42A3-9474-1A3956D46DE8}") = "usb", "usb", "{61445C3B-660C-4937-B736-3CD2B0F35A58}"
	ProjectSection(SolutionItems) = preProject
		..\graph\lib\comm\usb\open_by_id.nspc = ..\graph\lib\comm\usb\open_by_id.nspc
		..\graph\lib\comm\usb\raw.nspc = ..\graph\lib\comm\usb\raw.nspc
	EndProjectSection
EndProject
Project("{2150E333-8FDC-42A3-9474-1A3956D46DE8}") = "network", "network", "{28385124-81B3-481C-A669-0B261946ACB4}"
EndProject
Project("{2150E333-8FDC-42A3-9474-1A3956D46DE8}") = "ip", "ip", "{136D525D-DB06-4A26-AC78-263CFAE76AAA}"
EndProject
Project("{2150E333-8FDC-42A3-9474-1A3956D46DE8}") = "tcp", "tcp", "{16608C67-3E3E-4356-8AEB-C53D8B447DF2}"
	ProjectSection(SolutionItems) = preProject
		..\graph\lib\comm\network\ip\tcp\ServerClients.nspc = ..\graph\lib\comm\network\ip\tcp\ServerClients.nspc
	EndProjectSection
EndProject
Project("{2150E333-8FDC-42A3-9474-1A3956D46DE8}") = "http", "http", "{6F1AD522-CE38-40A5-84F1-E6CFE9923420}"
	ProjectSection(SolutionItems) = preProject
		..\graph\lib\comm\network\ip\tcp\http\browser.nspc = ..\graph\lib\comm\network\ip\tcp\http\browser.nspc
		..\graph\lib\comm\network\ip\tcp\http\client.nspc = ..\graph\lib\comm\network\ip\tcp\http\client.nspc
		..\graph\lib\comm\network\ip\tcp\http\fmthdr.nspc = ..\graph\lib\comm\network\ip\tcp\http\fmthdr.nspc
		..\graph\lib\comm\network\ip\tcp\http\fmtmthd.nspc = ..\graph\lib\comm\network\ip\tcp\http\fmtmthd.nspc
		..\graph\lib\comm\network\ip\tcp\http\fmtreq.nspc = ..\graph\lib\comm\network\ip\tcp\http\fmtreq.nspc
		..\graph\lib\comm\network\ip\tcp\http\format.nspc = ..\graph\lib\comm\network\ip\tcp\http\format.nspc
		..\graph\lib\comm\network\ip\tcp\http\reqstm.nspc = ..\graph\lib\comm\network\ip\tcp\http\reqstm.nspc
		..\graph\lib\comm\network\ip\tcp\http\server.nspc = ..\graph\lib\comm\network\ip\tcp\http\server.nspc
		..\graph\lib\comm\network\ip\tcp\http\stmrsp.nspc = ..\graph\lib\comm\network\ip\tcp\http\stmrsp.nspc
	EndProjectSection
EndProject
Project("{2150E333-8FDC-42A3-9474-1A3956D46DE8}") = "network", "network", "{DD34CE7A-E164-4E5E-87EF-BF8B44431AE0}"
EndProject
Project("{2150E333-8FDC-42A3-9474-1A3956D46DE8}") = "ip", "ip", "{F082C111-2D5D-4BC9-B57A-17D1F3C921CC}"
EndProject
Project("{2150E333-8FDC-42A3-9474-1A3956D46DE8}") = "tcp", "tcp", "{790404EC-635B-4797-8F52-F1D45345FE5A}"
EndProject
Project("{2150E333-8FDC-42A3-9474-1A3956D46DE8}") = "http", "http", "{5CFBA96B-9923-43AD-AEA6-3958D0D106BA}"
	ProjectSection(SolutionItems) = preProject
		..\graph\state\network\ip\tcp\http\browser.nspc = ..\graph\state\network\ip\tcp\http\browser.nspc
	EndProjectSection
EndProject
Project("{2150E333-8FDC-42A3-9474-1A3956D46DE8}") = "namespace", "namespace", "{10AC39FC-B398-48A3-9C9C-95A4E07D9A48}"
	ProjectSection(SolutionItems) = preProject
		..\graph\lib\namespace\client.nspc = ..\graph\lib\namespace\client.nspc
		..\graph\lib\namespace\service.nspc = ..\graph\lib\namespace\service.nspc
	EndProjectSection
EndProject
Project("{2150E333-8FDC-42A3-9474-1A3956D46DE8}") = "driver", "driver", "{80092055-29F3-48FF-B851-E10B9573E29C}"
EndProject
Project("{2150E333-8FDC-42A3-9474-1A3956D46DE8}") = "driver", "driver", "{5FB7D055-D8F7-4E0D-84D2-715E428B0003}"
EndProject
Project("{2150E333-8FDC-42A3-9474-1A3956D46DE8}") = "device", "device", "{8C5C6696-B7E0-4BAF-981E-737EFC4F4E3F}"
EndProject
Project("{2150E333-8FDC-42A3-9474-1A3956D46DE8}") = "device", "device", "{2EE40921-B690-4BED-BE0B-91E45782140A}"
EndProject
Project("{8BC9CEB8-8B4A-11D0-8D11-00A0C91BC942}") = "plotl", "lib\plotl\plotl.vcxproj", "{6C3DC051-9F23-4C86-9FFB-50524DB5992C}"
EndProject
Project("{2150E333-8FDC-42A3-9474-1A3956D46DE8}") = "comm", "comm", "{F17316B8-66FA-4F6F-BC29-2959E171A6F9}"
	ProjectSection(SolutionItems) = preProject
		..\graph\state\comm\device.nspc = ..\graph\state\comm\device.nspc
		..\graph\state\comm\transfer.nspc = ..\graph\state\comm\transfer.nspc
	EndProjectSection
EndProject
Project("{2150E333-8FDC-42A3-9474-1A3956D46DE8}") = "usb", "usb", "{8A293E20-BE4E-4587-AFD7-878265581C12}"
	ProjectSection(SolutionItems) = preProject
		..\graph\state\comm\usb\device.nspc = ..\graph\state\comm\usb\device.nspc
		..\graph\state\comm\usb\raw.nspc = ..\graph\state\comm\usb\raw.nspc
		..\graph\state\comm\usb\setup.nspc = ..\graph\state\comm\usb\setup.nspc
	EndProjectSection
EndProject
Project("{2150E333-8FDC-42A3-9474-1A3956D46DE8}") = "interface", "interface", "{B2EBD6F1-6363-4E94-BEF0-C1EB009723F4}"
	ProjectSection(SolutionItems) = preProject
		..\graph\state\interface\button.nspc = ..\graph\state\interface\button.nspc
		..\graph\state\interface\dict.nspc = ..\graph\state\interface\dict.nspc
		..\graph\state\interface\edit.nspc = ..\graph\state\interface\edit.nspc
		..\graph\state\interface\element.nspc = ..\graph\state\interface\element.nspc
		..\graph\state\interface\image.nspc = ..\graph\state\interface\image.nspc
		..\graph\state\interface\label.nspc = ..\graph\state\interface\label.nspc
		..\graph\state\interface\list.nspc = ..\graph\state\interface\list.nspc
		..\graph\state\interface\value.nspc = ..\graph\state\interface\value.nspc
	EndProjectSection
EndProject
Project("{2150E333-8FDC-42A3-9474-1A3956D46DE8}") = "visual", "visual", "{AB2EA968-E6B6-4C78-9489-CF3137A4C694}"
	ProjectSection(SolutionItems) = preProject
		..\graph\state\visual\button.nspc = ..\graph\state\visual\button.nspc
		..\graph\state\visual\edit.nspc = ..\graph\state\visual\edit.nspc
		..\graph\state\visual\element.nspc = ..\graph\state\visual\element.nspc
		..\graph\state\visual\image.nspc = ..\graph\state\visual\image.nspc
		..\graph\state\visual\label.nspc = ..\graph\state\visual\label.nspc
		..\graph\state\visual\list.nspc = ..\graph\state\visual\list.nspc
		..\graph\state\visual\shape.nspc = ..\graph\state\visual\shape.nspc
	EndProjectSection
EndProject
Project("{2150E333-8FDC-42A3-9474-1A3956D46DE8}") = "ext", "ext", "{9AB41F9C-430F-45DC-9D5F-533D052C9D8C}"
EndProject
Project("{8BC9CEB8-8B4A-11D0-8D11-00A0C91BC942}") = "libpng", "lib\ext\libpng-1.2.7\libpng.vcxproj", "{58CCE292-A622-4483-A310-8022215D158C}"
EndProject
Project("{8BC9CEB8-8B4A-11D0-8D11-00A0C91BC942}") = "libtiff", "lib\ext\libtiff\libtiff.vcxproj", "{EA960234-7A49-4F69-A725-65EDCA57F825}"
EndProject
Project("{8BC9CEB8-8B4A-11D0-8D11-00A0C91BC942}") = "zlib", "lib\ext\zlib\zlib.vcxproj", "{DE2F0159-E927-490E-8BD4-7182CFF70EBD}"
EndProject
Project("{8BC9CEB8-8B4A-11D0-8D11-00A0C91BC942}") = "imagel", "lib\imagel\imagel.vcxproj", "{1B31354E-F3FE-445F-9D65-BC410F50B2B0}"
EndProject
Project("{8BC9CEB8-8B4A-11D0-8D11-00A0C91BC942}") = "imagen", "dll\imagen\imagen.vcxproj", "{2145C13D-D4FF-40B7-B893-266F9A2E4B50}"
EndProject
Project("{2150E333-8FDC-42A3-9474-1A3956D46DE8}") = "graph", "graph", "{4A5C9462-493E-4E1F-A168-BC8748BB4499}"
	ProjectSection(SolutionItems) = preProject
		..\graph\lib\graph\enum.nspc = ..\graph\lib\graph\enum.nspc
	EndProjectSection
EndProject
Project("{2150E333-8FDC-42A3-9474-1A3956D46DE8}") = "interface", "interface", "{A440D259-4C62-4A31-B30C-45F040C66BA6}"
	ProjectSection(SolutionItems) = preProject
		..\graph\lib\interface\dict.nspc = ..\graph\lib\interface\dict.nspc
		..\graph\lib\interface\list.nspc = ..\graph\lib\interface\list.nspc
	EndProjectSection
EndProject
Project("{8BC9CEB8-8B4A-11D0-8D11-00A0C91BC942}") = "plotn", "dll\plotn\plotn.vcxproj", "{3DC9D778-106E-4A3F-A3BC-782C1C331C15}"
EndProject
Project("{2150E333-8FDC-42A3-9474-1A3956D46DE8}") = "math", "math", "{090F15CC-3374-4408-9E54-B343AA3565CE}"
	ProjectSection(SolutionItems) = preProject
		..\graph\lib\math\CSVToDataBlk.nspc = ..\graph\lib\math\CSVToDataBlk.nspc
		..\graph\lib\math\DataBlkToCSV.nspc = ..\graph\lib\math\DataBlkToCSV.nspc
	EndProjectSection
EndProject
Project("{8BC9CEB8-8B4A-11D0-8D11-00A0C91BC942}") = "sqll", "lib\sqll\sqll.vcxproj", "{93B491F6-68D5-4587-A464-66023550F832}"
EndProject
Project("{8BC9CEB8-8B4A-11D0-8D11-00A0C91BC942}") = "sqln", "dll\sqln\sqln.vcxproj", "{D771383A-862F-418B-AC36-B2C9CEBF00AE}"
EndProject
Project("{2150E333-8FDC-42A3-9474-1A3956D46DE8}") = "geometry", "geometry", "{B060C18B-FDBD-4381-A53D-6447D907C022}"
	ProjectSection(SolutionItems) = preProject
		..\graph\lib\math\geometry\RectIntRect.nspc = ..\graph\lib\math\geometry\RectIntRect.nspc
	EndProjectSection
EndProject
Project("{2150E333-8FDC-42A3-9474-1A3956D46DE8}") = "manager", "manager", "{0418EEA3-9AEF-464F-B12F-4EFA1FA657DC}"
	ProjectSection(SolutionItems) = preProject
		..\graph\driver\device\manager\inst.nspc = ..\graph\driver\device\manager\inst.nspc
	EndProjectSection
EndProject
Project("{2150E333-8FDC-42A3-9474-1A3956D46DE8}") = "manager", "manager", "{2809E90A-849A-4E98-AF04-9F35947A4CFE}"
	ProjectSection(SolutionItems) = preProject
		..\graph\state\driver\device\manager\state.nspc = ..\graph\state\driver\device\manager\state.nspc
	EndProjectSection
EndProject
Global
	GlobalSection(SolutionConfigurationPlatforms) = preSolution
		Debug|Mixed Platforms = Debug|Mixed Platforms
		Debug|Win32 = Debug|Win32
		Debug|x64 = Debug|x64
		Release|Mixed Platforms = Release|Mixed Platforms
		Release|Win32 = Release|Win32
		Release|x64 = Release|x64
	EndGlobalSection
	GlobalSection(ProjectConfigurationPlatforms) = postSolution
		{8D6E6DC8-BFC1-4D67-8B35-25A94C97BCEB}.Debug|Mixed Platforms.ActiveCfg = Debug|Win32
		{8D6E6DC8-BFC1-4D67-8B35-25A94C97BCEB}.Debug|Mixed Platforms.Build.0 = Debug|Win32
		{8D6E6DC8-BFC1-4D67-8B35-25A94C97BCEB}.Debug|Win32.ActiveCfg = Debug|Win32
		{8D6E6DC8-BFC1-4D67-8B35-25A94C97BCEB}.Debug|Win32.Build.0 = Debug|Win32
		{8D6E6DC8-BFC1-4D67-8B35-25A94C97BCEB}.Debug|x64.ActiveCfg = Debug|x64
		{8D6E6DC8-BFC1-4D67-8B35-25A94C97BCEB}.Debug|x64.Build.0 = Debug|x64
		{8D6E6DC8-BFC1-4D67-8B35-25A94C97BCEB}.Release|Mixed Platforms.ActiveCfg = Release|Win32
		{8D6E6DC8-BFC1-4D67-8B35-25A94C97BCEB}.Release|Mixed Platforms.Build.0 = Release|Win32
		{8D6E6DC8-BFC1-4D67-8B35-25A94C97BCEB}.Release|Win32.ActiveCfg = Release|Win32
		{8D6E6DC8-BFC1-4D67-8B35-25A94C97BCEB}.Release|Win32.Build.0 = Release|Win32
		{8D6E6DC8-BFC1-4D67-8B35-25A94C97BCEB}.Release|x64.ActiveCfg = Release|x64
		{8D6E6DC8-BFC1-4D67-8B35-25A94C97BCEB}.Release|x64.Build.0 = Release|x64
		{8532DEAA-56D3-4FF4-8FB8-664EFE6EEF83}.Debug|Mixed Platforms.ActiveCfg = Debug|Win32
		{8532DEAA-56D3-4FF4-8FB8-664EFE6EEF83}.Debug|Mixed Platforms.Build.0 = Debug|Win32
		{8532DEAA-56D3-4FF4-8FB8-664EFE6EEF83}.Debug|Win32.ActiveCfg = Debug|Win32
		{8532DEAA-56D3-4FF4-8FB8-664EFE6EEF83}.Debug|Win32.Build.0 = Debug|Win32
		{8532DEAA-56D3-4FF4-8FB8-664EFE6EEF83}.Debug|x64.ActiveCfg = Debug|x64
		{8532DEAA-56D3-4FF4-8FB8-664EFE6EEF83}.Debug|x64.Build.0 = Debug|x64
		{8532DEAA-56D3-4FF4-8FB8-664EFE6EEF83}.Release|Mixed Platforms.ActiveCfg = Release|Win32
		{8532DEAA-56D3-4FF4-8FB8-664EFE6EEF83}.Release|Mixed Platforms.Build.0 = Release|Win32
		{8532DEAA-56D3-4FF4-8FB8-664EFE6EEF83}.Release|Win32.ActiveCfg = Release|Win32
		{8532DEAA-56D3-4FF4-8FB8-664EFE6EEF83}.Release|Win32.Build.0 = Release|Win32
		{8532DEAA-56D3-4FF4-8FB8-664EFE6EEF83}.Release|x64.ActiveCfg = Release|x64
		{8532DEAA-56D3-4FF4-8FB8-664EFE6EEF83}.Release|x64.Build.0 = Release|x64
		{B8DE1218-452B-46CE-A380-4B11F3D8C1DA}.Debug|Mixed Platforms.ActiveCfg = Debug|Win32
		{B8DE1218-452B-46CE-A380-4B11F3D8C1DA}.Debug|Mixed Platforms.Build.0 = Debug|Win32
		{B8DE1218-452B-46CE-A380-4B11F3D8C1DA}.Debug|Win32.ActiveCfg = Debug|Win32
		{B8DE1218-452B-46CE-A380-4B11F3D8C1DA}.Debug|Win32.Build.0 = Debug|Win32
		{B8DE1218-452B-46CE-A380-4B11F3D8C1DA}.Debug|x64.ActiveCfg = Debug|x64
		{B8DE1218-452B-46CE-A380-4B11F3D8C1DA}.Debug|x64.Build.0 = Debug|x64
		{B8DE1218-452B-46CE-A380-4B11F3D8C1DA}.Release|Mixed Platforms.ActiveCfg = Release|Win32
		{B8DE1218-452B-46CE-A380-4B11F3D8C1DA}.Release|Mixed Platforms.Build.0 = Release|Win32
		{B8DE1218-452B-46CE-A380-4B11F3D8C1DA}.Release|Win32.ActiveCfg = Release|Win32
		{B8DE1218-452B-46CE-A380-4B11F3D8C1DA}.Release|Win32.Build.0 = Release|Win32
		{B8DE1218-452B-46CE-A380-4B11F3D8C1DA}.Release|x64.ActiveCfg = Release|x64
		{B8DE1218-452B-46CE-A380-4B11F3D8C1DA}.Release|x64.Build.0 = Release|x64
		{D46D1142-2F9F-4CAF-8764-F7D8BAE80FFD}.Debug|Mixed Platforms.ActiveCfg = Debug|Win32
		{D46D1142-2F9F-4CAF-8764-F7D8BAE80FFD}.Debug|Mixed Platforms.Build.0 = Debug|Win32
		{D46D1142-2F9F-4CAF-8764-F7D8BAE80FFD}.Debug|Win32.ActiveCfg = Debug|Win32
		{D46D1142-2F9F-4CAF-8764-F7D8BAE80FFD}.Debug|Win32.Build.0 = Debug|Win32
		{D46D1142-2F9F-4CAF-8764-F7D8BAE80FFD}.Debug|x64.ActiveCfg = Debug|x64
		{D46D1142-2F9F-4CAF-8764-F7D8BAE80FFD}.Debug|x64.Build.0 = Debug|x64
		{D46D1142-2F9F-4CAF-8764-F7D8BAE80FFD}.Release|Mixed Platforms.ActiveCfg = Release|Win32
		{D46D1142-2F9F-4CAF-8764-F7D8BAE80FFD}.Release|Mixed Platforms.Build.0 = Release|Win32
		{D46D1142-2F9F-4CAF-8764-F7D8BAE80FFD}.Release|Win32.ActiveCfg = Release|Win32
		{D46D1142-2F9F-4CAF-8764-F7D8BAE80FFD}.Release|Win32.Build.0 = Release|Win32
		{D46D1142-2F9F-4CAF-8764-F7D8BAE80FFD}.Release|x64.ActiveCfg = Release|x64
		{D46D1142-2F9F-4CAF-8764-F7D8BAE80FFD}.Release|x64.Build.0 = Release|x64
		{422E909B-A304-47A3-A2E6-8959FF5BC156}.Debug|Mixed Platforms.ActiveCfg = Debug|Win32
		{422E909B-A304-47A3-A2E6-8959FF5BC156}.Debug|Mixed Platforms.Build.0 = Debug|Win32
		{422E909B-A304-47A3-A2E6-8959FF5BC156}.Debug|Win32.ActiveCfg = Debug|Win32
		{422E909B-A304-47A3-A2E6-8959FF5BC156}.Debug|Win32.Build.0 = Debug|Win32
		{422E909B-A304-47A3-A2E6-8959FF5BC156}.Debug|x64.ActiveCfg = Debug|x64
		{422E909B-A304-47A3-A2E6-8959FF5BC156}.Debug|x64.Build.0 = Debug|x64
		{422E909B-A304-47A3-A2E6-8959FF5BC156}.Release|Mixed Platforms.ActiveCfg = Release|Win32
		{422E909B-A304-47A3-A2E6-8959FF5BC156}.Release|Mixed Platforms.Build.0 = Release|Win32
		{422E909B-A304-47A3-A2E6-8959FF5BC156}.Release|Win32.ActiveCfg = Release|Win32
		{422E909B-A304-47A3-A2E6-8959FF5BC156}.Release|Win32.Build.0 = Release|Win32
		{422E909B-A304-47A3-A2E6-8959FF5BC156}.Release|x64.ActiveCfg = Release|x64
		{422E909B-A304-47A3-A2E6-8959FF5BC156}.Release|x64.Build.0 = Release|x64
		{47939C76-2E04-4023-ADAA-911E6240104B}.Debug|Mixed Platforms.ActiveCfg = Debug|Win32
		{47939C76-2E04-4023-ADAA-911E6240104B}.Debug|Mixed Platforms.Build.0 = Debug|Win32
		{47939C76-2E04-4023-ADAA-911E6240104B}.Debug|Win32.ActiveCfg = Debug|Win32
		{47939C76-2E04-4023-ADAA-911E6240104B}.Debug|Win32.Build.0 = Debug|Win32
		{47939C76-2E04-4023-ADAA-911E6240104B}.Debug|x64.ActiveCfg = Debug|x64
		{47939C76-2E04-4023-ADAA-911E6240104B}.Debug|x64.Build.0 = Debug|x64
		{47939C76-2E04-4023-ADAA-911E6240104B}.Release|Mixed Platforms.ActiveCfg = Release|Win32
		{47939C76-2E04-4023-ADAA-911E6240104B}.Release|Mixed Platforms.Build.0 = Release|Win32
		{47939C76-2E04-4023-ADAA-911E6240104B}.Release|Win32.ActiveCfg = Release|Win32
		{47939C76-2E04-4023-ADAA-911E6240104B}.Release|Win32.Build.0 = Release|Win32
		{47939C76-2E04-4023-ADAA-911E6240104B}.Release|x64.ActiveCfg = Release|x64
		{47939C76-2E04-4023-ADAA-911E6240104B}.Release|x64.Build.0 = Release|x64
		{789616AD-B765-4211-9ACC-0CA60DEB4BD2}.Debug|Mixed Platforms.ActiveCfg = Debug|Win32
		{789616AD-B765-4211-9ACC-0CA60DEB4BD2}.Debug|Mixed Platforms.Build.0 = Debug|Win32
		{789616AD-B765-4211-9ACC-0CA60DEB4BD2}.Debug|Win32.ActiveCfg = Debug|Win32
		{789616AD-B765-4211-9ACC-0CA60DEB4BD2}.Debug|Win32.Build.0 = Debug|Win32
		{789616AD-B765-4211-9ACC-0CA60DEB4BD2}.Debug|x64.ActiveCfg = Debug|x64
		{789616AD-B765-4211-9ACC-0CA60DEB4BD2}.Debug|x64.Build.0 = Debug|x64
		{789616AD-B765-4211-9ACC-0CA60DEB4BD2}.Release|Mixed Platforms.ActiveCfg = Release|Win32
		{789616AD-B765-4211-9ACC-0CA60DEB4BD2}.Release|Mixed Platforms.Build.0 = Release|Win32
		{789616AD-B765-4211-9ACC-0CA60DEB4BD2}.Release|Win32.ActiveCfg = Release|Win32
		{789616AD-B765-4211-9ACC-0CA60DEB4BD2}.Release|Win32.Build.0 = Release|Win32
		{789616AD-B765-4211-9ACC-0CA60DEB4BD2}.Release|x64.ActiveCfg = Release|x64
		{789616AD-B765-4211-9ACC-0CA60DEB4BD2}.Release|x64.Build.0 = Release|x64
		{1DDE8A69-B646-4786-A636-6D840C603695}.Debug|Mixed Platforms.ActiveCfg = Debug|Win32
		{1DDE8A69-B646-4786-A636-6D840C603695}.Debug|Mixed Platforms.Build.0 = Debug|Win32
		{1DDE8A69-B646-4786-A636-6D840C603695}.Debug|Win32.ActiveCfg = Debug|Win32
		{1DDE8A69-B646-4786-A636-6D840C603695}.Debug|Win32.Build.0 = Debug|Win32
		{1DDE8A69-B646-4786-A636-6D840C603695}.Debug|x64.ActiveCfg = Debug|x64
		{1DDE8A69-B646-4786-A636-6D840C603695}.Debug|x64.Build.0 = Debug|x64
		{1DDE8A69-B646-4786-A636-6D840C603695}.Release|Mixed Platforms.ActiveCfg = Release|Win32
		{1DDE8A69-B646-4786-A636-6D840C603695}.Release|Mixed Platforms.Build.0 = Release|Win32
		{1DDE8A69-B646-4786-A636-6D840C603695}.Release|Win32.ActiveCfg = Release|Win32
		{1DDE8A69-B646-4786-A636-6D840C603695}.Release|Win32.Build.0 = Release|Win32
		{1DDE8A69-B646-4786-A636-6D840C603695}.Release|x64.ActiveCfg = Release|x64
		{1DDE8A69-B646-4786-A636-6D840C603695}.Release|x64.Build.0 = Release|x64
		{A58C30ED-DB36-4390-BEEF-3F050BDD601E}.Debug|Mixed Platforms.ActiveCfg = Debug|Win32
		{A58C30ED-DB36-4390-BEEF-3F050BDD601E}.Debug|Mixed Platforms.Build.0 = Debug|Win32
		{A58C30ED-DB36-4390-BEEF-3F050BDD601E}.Debug|Win32.ActiveCfg = Debug|Win32
		{A58C30ED-DB36-4390-BEEF-3F050BDD601E}.Debug|Win32.Build.0 = Debug|Win32
		{A58C30ED-DB36-4390-BEEF-3F050BDD601E}.Debug|x64.ActiveCfg = Debug|x64
		{A58C30ED-DB36-4390-BEEF-3F050BDD601E}.Debug|x64.Build.0 = Debug|x64
		{A58C30ED-DB36-4390-BEEF-3F050BDD601E}.Release|Mixed Platforms.ActiveCfg = Release|Win32
		{A58C30ED-DB36-4390-BEEF-3F050BDD601E}.Release|Mixed Platforms.Build.0 = Release|Win32
		{A58C30ED-DB36-4390-BEEF-3F050BDD601E}.Release|Win32.ActiveCfg = Release|Win32
		{A58C30ED-DB36-4390-BEEF-3F050BDD601E}.Release|Win32.Build.0 = Release|Win32
		{A58C30ED-DB36-4390-BEEF-3F050BDD601E}.Release|x64.ActiveCfg = Release|x64
		{A58C30ED-DB36-4390-BEEF-3F050BDD601E}.Release|x64.Build.0 = Release|x64
		{8738FDAD-B4A1-48ED-B021-6FAAB9AB5072}.Debug|Mixed Platforms.ActiveCfg = Debug|Win32
		{8738FDAD-B4A1-48ED-B021-6FAAB9AB5072}.Debug|Mixed Platforms.Build.0 = Debug|Win32
		{8738FDAD-B4A1-48ED-B021-6FAAB9AB5072}.Debug|Win32.ActiveCfg = Debug|Win32
		{8738FDAD-B4A1-48ED-B021-6FAAB9AB5072}.Debug|Win32.Build.0 = Debug|Win32
		{8738FDAD-B4A1-48ED-B021-6FAAB9AB5072}.Debug|x64.ActiveCfg = Debug|x64
		{8738FDAD-B4A1-48ED-B021-6FAAB9AB5072}.Debug|x64.Build.0 = Debug|x64
		{8738FDAD-B4A1-48ED-B021-6FAAB9AB5072}.Release|Mixed Platforms.ActiveCfg = Release|Win32
		{8738FDAD-B4A1-48ED-B021-6FAAB9AB5072}.Release|Mixed Platforms.Build.0 = Release|Win32
		{8738FDAD-B4A1-48ED-B021-6FAAB9AB5072}.Release|Win32.ActiveCfg = Release|Win32
		{8738FDAD-B4A1-48ED-B021-6FAAB9AB5072}.Release|Win32.Build.0 = Release|Win32
		{8738FDAD-B4A1-48ED-B021-6FAAB9AB5072}.Release|x64.ActiveCfg = Release|x64
		{8738FDAD-B4A1-48ED-B021-6FAAB9AB5072}.Release|x64.Build.0 = Release|x64
		{20A2401B-CB2F-4BC0-BD99-A742EE5ABF7B}.Debug|Mixed Platforms.ActiveCfg = Debug|Win32
		{20A2401B-CB2F-4BC0-BD99-A742EE5ABF7B}.Debug|Mixed Platforms.Build.0 = Debug|Win32
		{20A2401B-CB2F-4BC0-BD99-A742EE5ABF7B}.Debug|Win32.ActiveCfg = Debug|Win32
		{20A2401B-CB2F-4BC0-BD99-A742EE5ABF7B}.Debug|Win32.Build.0 = Debug|Win32
		{20A2401B-CB2F-4BC0-BD99-A742EE5ABF7B}.Debug|x64.ActiveCfg = Debug|x64
		{20A2401B-CB2F-4BC0-BD99-A742EE5ABF7B}.Debug|x64.Build.0 = Debug|x64
		{20A2401B-CB2F-4BC0-BD99-A742EE5ABF7B}.Release|Mixed Platforms.ActiveCfg = Release|Win32
		{20A2401B-CB2F-4BC0-BD99-A742EE5ABF7B}.Release|Mixed Platforms.Build.0 = Release|Win32
		{20A2401B-CB2F-4BC0-BD99-A742EE5ABF7B}.Release|Win32.ActiveCfg = Release|Win32
		{20A2401B-CB2F-4BC0-BD99-A742EE5ABF7B}.Release|Win32.Build.0 = Release|Win32
		{20A2401B-CB2F-4BC0-BD99-A742EE5ABF7B}.Release|x64.ActiveCfg = Release|x64
		{20A2401B-CB2F-4BC0-BD99-A742EE5ABF7B}.Release|x64.Build.0 = Release|x64
		{27D48BF6-EBC4-417B-9E4E-B7FA2F75D570}.Debug|Mixed Platforms.ActiveCfg = Debug|Win32
		{27D48BF6-EBC4-417B-9E4E-B7FA2F75D570}.Debug|Mixed Platforms.Build.0 = Debug|Win32
		{27D48BF6-EBC4-417B-9E4E-B7FA2F75D570}.Debug|Win32.ActiveCfg = Debug|Win32
		{27D48BF6-EBC4-417B-9E4E-B7FA2F75D570}.Debug|Win32.Build.0 = Debug|Win32
		{27D48BF6-EBC4-417B-9E4E-B7FA2F75D570}.Debug|x64.ActiveCfg = Debug|x64
		{27D48BF6-EBC4-417B-9E4E-B7FA2F75D570}.Debug|x64.Build.0 = Debug|x64
		{27D48BF6-EBC4-417B-9E4E-B7FA2F75D570}.Release|Mixed Platforms.ActiveCfg = Release|Win32
		{27D48BF6-EBC4-417B-9E4E-B7FA2F75D570}.Release|Mixed Platforms.Build.0 = Release|Win32
		{27D48BF6-EBC4-417B-9E4E-B7FA2F75D570}.Release|Win32.ActiveCfg = Release|Win32
		{27D48BF6-EBC4-417B-9E4E-B7FA2F75D570}.Release|Win32.Build.0 = Release|Win32
		{27D48BF6-EBC4-417B-9E4E-B7FA2F75D570}.Release|x64.ActiveCfg = Release|x64
		{27D48BF6-EBC4-417B-9E4E-B7FA2F75D570}.Release|x64.Build.0 = Release|x64
		{6222D284-3E51-4145-8FE1-4FE12C18029C}.Debug|Mixed Platforms.ActiveCfg = Debug|Win32
		{6222D284-3E51-4145-8FE1-4FE12C18029C}.Debug|Mixed Platforms.Build.0 = Debug|Win32
		{6222D284-3E51-4145-8FE1-4FE12C18029C}.Debug|Win32.ActiveCfg = Debug|Win32
		{6222D284-3E51-4145-8FE1-4FE12C18029C}.Debug|Win32.Build.0 = Debug|Win32
		{6222D284-3E51-4145-8FE1-4FE12C18029C}.Debug|x64.ActiveCfg = Debug|x64
		{6222D284-3E51-4145-8FE1-4FE12C18029C}.Debug|x64.Build.0 = Debug|x64
		{6222D284-3E51-4145-8FE1-4FE12C18029C}.Release|Mixed Platforms.ActiveCfg = Release|Win32
		{6222D284-3E51-4145-8FE1-4FE12C18029C}.Release|Mixed Platforms.Build.0 = Release|Win32
		{6222D284-3E51-4145-8FE1-4FE12C18029C}.Release|Win32.ActiveCfg = Release|Win32
		{6222D284-3E51-4145-8FE1-4FE12C18029C}.Release|Win32.Build.0 = Release|Win32
		{6222D284-3E51-4145-8FE1-4FE12C18029C}.Release|x64.ActiveCfg = Release|x64
		{6222D284-3E51-4145-8FE1-4FE12C18029C}.Release|x64.Build.0 = Release|x64
		{7435F9F4-3EFE-42AA-9436-0E4D5229CD8D}.Debug|Mixed Platforms.ActiveCfg = Debug|Win32
		{7435F9F4-3EFE-42AA-9436-0E4D5229CD8D}.Debug|Mixed Platforms.Build.0 = Debug|Win32
		{7435F9F4-3EFE-42AA-9436-0E4D5229CD8D}.Debug|Win32.ActiveCfg = Debug|Win32
		{7435F9F4-3EFE-42AA-9436-0E4D5229CD8D}.Debug|Win32.Build.0 = Debug|Win32
		{7435F9F4-3EFE-42AA-9436-0E4D5229CD8D}.Debug|x64.ActiveCfg = Debug|x64
		{7435F9F4-3EFE-42AA-9436-0E4D5229CD8D}.Debug|x64.Build.0 = Debug|x64
		{7435F9F4-3EFE-42AA-9436-0E4D5229CD8D}.Release|Mixed Platforms.ActiveCfg = Release|Win32
		{7435F9F4-3EFE-42AA-9436-0E4D5229CD8D}.Release|Mixed Platforms.Build.0 = Release|Win32
		{7435F9F4-3EFE-42AA-9436-0E4D5229CD8D}.Release|Win32.ActiveCfg = Release|Win32
		{7435F9F4-3EFE-42AA-9436-0E4D5229CD8D}.Release|Win32.Build.0 = Release|Win32
		{7435F9F4-3EFE-42AA-9436-0E4D5229CD8D}.Release|x64.ActiveCfg = Release|x64
		{7435F9F4-3EFE-42AA-9436-0E4D5229CD8D}.Release|x64.Build.0 = Release|x64
		{D3148DDA-8655-4779-B555-0707C04BDB2D}.Debug|Mixed Platforms.ActiveCfg = Debug|Win32
		{D3148DDA-8655-4779-B555-0707C04BDB2D}.Debug|Mixed Platforms.Build.0 = Debug|Win32
		{D3148DDA-8655-4779-B555-0707C04BDB2D}.Debug|Win32.ActiveCfg = Debug|Win32
		{D3148DDA-8655-4779-B555-0707C04BDB2D}.Debug|Win32.Build.0 = Debug|Win32
		{D3148DDA-8655-4779-B555-0707C04BDB2D}.Debug|x64.ActiveCfg = Debug|x64
		{D3148DDA-8655-4779-B555-0707C04BDB2D}.Debug|x64.Build.0 = Debug|x64
		{D3148DDA-8655-4779-B555-0707C04BDB2D}.Release|Mixed Platforms.ActiveCfg = Release|Win32
		{D3148DDA-8655-4779-B555-0707C04BDB2D}.Release|Mixed Platforms.Build.0 = Release|Win32
		{D3148DDA-8655-4779-B555-0707C04BDB2D}.Release|Win32.ActiveCfg = Release|Win32
		{D3148DDA-8655-4779-B555-0707C04BDB2D}.Release|Win32.Build.0 = Release|Win32
		{D3148DDA-8655-4779-B555-0707C04BDB2D}.Release|x64.ActiveCfg = Release|x64
		{D3148DDA-8655-4779-B555-0707C04BDB2D}.Release|x64.Build.0 = Release|x64
		{8B820B2B-829F-4C6D-8D16-FD867FA067EF}.Debug|Mixed Platforms.ActiveCfg = Debug|Win32
		{8B820B2B-829F-4C6D-8D16-FD867FA067EF}.Debug|Mixed Platforms.Build.0 = Debug|Win32
		{8B820B2B-829F-4C6D-8D16-FD867FA067EF}.Debug|Win32.ActiveCfg = Debug|Win32
		{8B820B2B-829F-4C6D-8D16-FD867FA067EF}.Debug|Win32.Build.0 = Debug|Win32
		{8B820B2B-829F-4C6D-8D16-FD867FA067EF}.Debug|x64.ActiveCfg = Debug|x64
		{8B820B2B-829F-4C6D-8D16-FD867FA067EF}.Debug|x64.Build.0 = Debug|x64
		{8B820B2B-829F-4C6D-8D16-FD867FA067EF}.Release|Mixed Platforms.ActiveCfg = Release|Win32
		{8B820B2B-829F-4C6D-8D16-FD867FA067EF}.Release|Mixed Platforms.Build.0 = Release|Win32
		{8B820B2B-829F-4C6D-8D16-FD867FA067EF}.Release|Win32.ActiveCfg = Release|Win32
		{8B820B2B-829F-4C6D-8D16-FD867FA067EF}.Release|Win32.Build.0 = Release|Win32
		{8B820B2B-829F-4C6D-8D16-FD867FA067EF}.Release|x64.ActiveCfg = Release|x64
		{8B820B2B-829F-4C6D-8D16-FD867FA067EF}.Release|x64.Build.0 = Release|x64
		{1F7F5996-F935-45D2-B4D5-E6E51BC465F7}.Debug|Mixed Platforms.ActiveCfg = Debug|Win32
		{1F7F5996-F935-45D2-B4D5-E6E51BC465F7}.Debug|Mixed Platforms.Build.0 = Debug|Win32
		{1F7F5996-F935-45D2-B4D5-E6E51BC465F7}.Debug|Win32.ActiveCfg = Debug|Win32
		{1F7F5996-F935-45D2-B4D5-E6E51BC465F7}.Debug|Win32.Build.0 = Debug|Win32
		{1F7F5996-F935-45D2-B4D5-E6E51BC465F7}.Debug|x64.ActiveCfg = Debug|x64
		{1F7F5996-F935-45D2-B4D5-E6E51BC465F7}.Debug|x64.Build.0 = Debug|x64
		{1F7F5996-F935-45D2-B4D5-E6E51BC465F7}.Release|Mixed Platforms.ActiveCfg = Release|Win32
		{1F7F5996-F935-45D2-B4D5-E6E51BC465F7}.Release|Mixed Platforms.Build.0 = Release|Win32
		{1F7F5996-F935-45D2-B4D5-E6E51BC465F7}.Release|Win32.ActiveCfg = Release|Win32
		{1F7F5996-F935-45D2-B4D5-E6E51BC465F7}.Release|Win32.Build.0 = Release|Win32
		{1F7F5996-F935-45D2-B4D5-E6E51BC465F7}.Release|x64.ActiveCfg = Release|x64
		{1F7F5996-F935-45D2-B4D5-E6E51BC465F7}.Release|x64.Build.0 = Release|x64
		{B3A74EA1-07FD-4E38-A10F-2D86CEDBB574}.Debug|Mixed Platforms.ActiveCfg = Debug|Win32
		{B3A74EA1-07FD-4E38-A10F-2D86CEDBB574}.Debug|Mixed Platforms.Build.0 = Debug|Win32
		{B3A74EA1-07FD-4E38-A10F-2D86CEDBB574}.Debug|Win32.ActiveCfg = Debug|Win32
		{B3A74EA1-07FD-4E38-A10F-2D86CEDBB574}.Debug|Win32.Build.0 = Debug|Win32
		{B3A74EA1-07FD-4E38-A10F-2D86CEDBB574}.Debug|x64.ActiveCfg = Debug|x64
		{B3A74EA1-07FD-4E38-A10F-2D86CEDBB574}.Debug|x64.Build.0 = Debug|x64
		{B3A74EA1-07FD-4E38-A10F-2D86CEDBB574}.Release|Mixed Platforms.ActiveCfg = Release|Win32
		{B3A74EA1-07FD-4E38-A10F-2D86CEDBB574}.Release|Mixed Platforms.Build.0 = Release|Win32
		{B3A74EA1-07FD-4E38-A10F-2D86CEDBB574}.Release|Win32.ActiveCfg = Release|Win32
		{B3A74EA1-07FD-4E38-A10F-2D86CEDBB574}.Release|Win32.Build.0 = Release|Win32
		{B3A74EA1-07FD-4E38-A10F-2D86CEDBB574}.Release|x64.ActiveCfg = Release|x64
		{B3A74EA1-07FD-4E38-A10F-2D86CEDBB574}.Release|x64.Build.0 = Release|x64
		{64506169-1F9D-4679-B135-122B46F861EB}.Debug|Mixed Platforms.ActiveCfg = Debug|Win32
		{64506169-1F9D-4679-B135-122B46F861EB}.Debug|Mixed Platforms.Build.0 = Debug|Win32
		{64506169-1F9D-4679-B135-122B46F861EB}.Debug|Win32.ActiveCfg = Debug|Win32
		{64506169-1F9D-4679-B135-122B46F861EB}.Debug|Win32.Build.0 = Debug|Win32
		{64506169-1F9D-4679-B135-122B46F861EB}.Debug|x64.ActiveCfg = Debug|x64
		{64506169-1F9D-4679-B135-122B46F861EB}.Debug|x64.Build.0 = Debug|x64
		{64506169-1F9D-4679-B135-122B46F861EB}.Release|Mixed Platforms.ActiveCfg = Release|Win32
		{64506169-1F9D-4679-B135-122B46F861EB}.Release|Mixed Platforms.Build.0 = Release|Win32
		{64506169-1F9D-4679-B135-122B46F861EB}.Release|Win32.ActiveCfg = Release|Win32
		{64506169-1F9D-4679-B135-122B46F861EB}.Release|Win32.Build.0 = Release|Win32
		{64506169-1F9D-4679-B135-122B46F861EB}.Release|x64.ActiveCfg = Release|x64
		{64506169-1F9D-4679-B135-122B46F861EB}.Release|x64.Build.0 = Release|x64
		{14EDC47C-C44C-4821-B32D-DFC49FF00F67}.Debug|Mixed Platforms.ActiveCfg = Debug|Win32
		{14EDC47C-C44C-4821-B32D-DFC49FF00F67}.Debug|Mixed Platforms.Build.0 = Debug|Win32
		{14EDC47C-C44C-4821-B32D-DFC49FF00F67}.Debug|Win32.ActiveCfg = Debug|Win32
		{14EDC47C-C44C-4821-B32D-DFC49FF00F67}.Debug|Win32.Build.0 = Debug|Win32
		{14EDC47C-C44C-4821-B32D-DFC49FF00F67}.Debug|x64.ActiveCfg = Debug|x64
		{14EDC47C-C44C-4821-B32D-DFC49FF00F67}.Debug|x64.Build.0 = Debug|x64
		{14EDC47C-C44C-4821-B32D-DFC49FF00F67}.Release|Mixed Platforms.ActiveCfg = Release|Win32
		{14EDC47C-C44C-4821-B32D-DFC49FF00F67}.Release|Mixed Platforms.Build.0 = Release|Win32
		{14EDC47C-C44C-4821-B32D-DFC49FF00F67}.Release|Win32.ActiveCfg = Release|Win32
		{14EDC47C-C44C-4821-B32D-DFC49FF00F67}.Release|Win32.Build.0 = Release|Win32
		{14EDC47C-C44C-4821-B32D-DFC49FF00F67}.Release|x64.ActiveCfg = Release|x64
		{14EDC47C-C44C-4821-B32D-DFC49FF00F67}.Release|x64.Build.0 = Release|x64
		{66F466A4-342A-48F4-B1A6-785C636457D1}.Debug|Mixed Platforms.ActiveCfg = Debug|Win32
		{66F466A4-342A-48F4-B1A6-785C636457D1}.Debug|Mixed Platforms.Build.0 = Debug|Win32
		{66F466A4-342A-48F4-B1A6-785C636457D1}.Debug|Win32.ActiveCfg = Debug|Win32
		{66F466A4-342A-48F4-B1A6-785C636457D1}.Debug|Win32.Build.0 = Debug|Win32
		{66F466A4-342A-48F4-B1A6-785C636457D1}.Debug|x64.ActiveCfg = Debug|x64
		{66F466A4-342A-48F4-B1A6-785C636457D1}.Debug|x64.Build.0 = Debug|x64
		{66F466A4-342A-48F4-B1A6-785C636457D1}.Release|Mixed Platforms.ActiveCfg = Release|Win32
		{66F466A4-342A-48F4-B1A6-785C636457D1}.Release|Mixed Platforms.Build.0 = Release|Win32
		{66F466A4-342A-48F4-B1A6-785C636457D1}.Release|Win32.ActiveCfg = Release|Win32
		{66F466A4-342A-48F4-B1A6-785C636457D1}.Release|Win32.Build.0 = Release|Win32
		{66F466A4-342A-48F4-B1A6-785C636457D1}.Release|x64.ActiveCfg = Release|x64
		{66F466A4-342A-48F4-B1A6-785C636457D1}.Release|x64.Build.0 = Release|x64
		{3BCB9212-D047-4D43-91B6-ACC8EC9CB7D1}.Debug|Mixed Platforms.ActiveCfg = Debug|Win32
		{3BCB9212-D047-4D43-91B6-ACC8EC9CB7D1}.Debug|Mixed Platforms.Build.0 = Debug|Win32
		{3BCB9212-D047-4D43-91B6-ACC8EC9CB7D1}.Debug|Win32.ActiveCfg = Debug|Win32
		{3BCB9212-D047-4D43-91B6-ACC8EC9CB7D1}.Debug|Win32.Build.0 = Debug|Win32
		{3BCB9212-D047-4D43-91B6-ACC8EC9CB7D1}.Debug|x64.ActiveCfg = Debug|x64
		{3BCB9212-D047-4D43-91B6-ACC8EC9CB7D1}.Debug|x64.Build.0 = Debug|x64
		{3BCB9212-D047-4D43-91B6-ACC8EC9CB7D1}.Release|Mixed Platforms.ActiveCfg = Release|Win32
		{3BCB9212-D047-4D43-91B6-ACC8EC9CB7D1}.Release|Mixed Platforms.Build.0 = Release|Win32
		{3BCB9212-D047-4D43-91B6-ACC8EC9CB7D1}.Release|Win32.ActiveCfg = Release|Win32
		{3BCB9212-D047-4D43-91B6-ACC8EC9CB7D1}.Release|Win32.Build.0 = Release|Win32
		{3BCB9212-D047-4D43-91B6-ACC8EC9CB7D1}.Release|x64.ActiveCfg = Release|x64
		{3BCB9212-D047-4D43-91B6-ACC8EC9CB7D1}.Release|x64.Build.0 = Release|x64
		{6C3DC051-9F23-4C86-9FFB-50524DB5992C}.Debug|Mixed Platforms.ActiveCfg = Debug|Win32
		{6C3DC051-9F23-4C86-9FFB-50524DB5992C}.Debug|Mixed Platforms.Build.0 = Debug|Win32
		{6C3DC051-9F23-4C86-9FFB-50524DB5992C}.Debug|Win32.ActiveCfg = Debug|Win32
		{6C3DC051-9F23-4C86-9FFB-50524DB5992C}.Debug|Win32.Build.0 = Debug|Win32
		{6C3DC051-9F23-4C86-9FFB-50524DB5992C}.Debug|x64.ActiveCfg = Debug|x64
		{6C3DC051-9F23-4C86-9FFB-50524DB5992C}.Debug|x64.Build.0 = Debug|x64
		{6C3DC051-9F23-4C86-9FFB-50524DB5992C}.Release|Mixed Platforms.ActiveCfg = Release|Win32
		{6C3DC051-9F23-4C86-9FFB-50524DB5992C}.Release|Mixed Platforms.Build.0 = Release|Win32
		{6C3DC051-9F23-4C86-9FFB-50524DB5992C}.Release|Win32.ActiveCfg = Release|Win32
		{6C3DC051-9F23-4C86-9FFB-50524DB5992C}.Release|Win32.Build.0 = Release|Win32
		{6C3DC051-9F23-4C86-9FFB-50524DB5992C}.Release|x64.ActiveCfg = Release|x64
		{6C3DC051-9F23-4C86-9FFB-50524DB5992C}.Release|x64.Build.0 = Release|x64
		{58CCE292-A622-4483-A310-8022215D158C}.Debug|Mixed Platforms.ActiveCfg = Debug|Win32
		{58CCE292-A622-4483-A310-8022215D158C}.Debug|Mixed Platforms.Build.0 = Debug|Win32
		{58CCE292-A622-4483-A310-8022215D158C}.Debug|Win32.ActiveCfg = Debug|Win32
		{58CCE292-A622-4483-A310-8022215D158C}.Debug|Win32.Build.0 = Debug|Win32
		{58CCE292-A622-4483-A310-8022215D158C}.Debug|x64.ActiveCfg = Debug|x64
		{58CCE292-A622-4483-A310-8022215D158C}.Debug|x64.Build.0 = Debug|x64
		{58CCE292-A622-4483-A310-8022215D158C}.Release|Mixed Platforms.ActiveCfg = Release|Win32
		{58CCE292-A622-4483-A310-8022215D158C}.Release|Mixed Platforms.Build.0 = Release|Win32
		{58CCE292-A622-4483-A310-8022215D158C}.Release|Win32.ActiveCfg = Release|Win32
		{58CCE292-A622-4483-A310-8022215D158C}.Release|Win32.Build.0 = Release|Win32
		{58CCE292-A622-4483-A310-8022215D158C}.Release|x64.ActiveCfg = Release|x64
		{58CCE292-A622-4483-A310-8022215D158C}.Release|x64.Build.0 = Release|x64
		{EA960234-7A49-4F69-A725-65EDCA57F825}.Debug|Mixed Platforms.ActiveCfg = Debug|Win32
		{EA960234-7A49-4F69-A725-65EDCA57F825}.Debug|Mixed Platforms.Build.0 = Debug|Win32
		{EA960234-7A49-4F69-A725-65EDCA57F825}.Debug|Win32.ActiveCfg = Debug|Win32
		{EA960234-7A49-4F69-A725-65EDCA57F825}.Debug|Win32.Build.0 = Debug|Win32
		{EA960234-7A49-4F69-A725-65EDCA57F825}.Debug|x64.ActiveCfg = Debug|x64
		{EA960234-7A49-4F69-A725-65EDCA57F825}.Debug|x64.Build.0 = Debug|x64
		{EA960234-7A49-4F69-A725-65EDCA57F825}.Release|Mixed Platforms.ActiveCfg = Release|Win32
		{EA960234-7A49-4F69-A725-65EDCA57F825}.Release|Mixed Platforms.Build.0 = Release|Win32
		{EA960234-7A49-4F69-A725-65EDCA57F825}.Release|Win32.ActiveCfg = Release|Win32
		{EA960234-7A49-4F69-A725-65EDCA57F825}.Release|Win32.Build.0 = Release|Win32
		{EA960234-7A49-4F69-A725-65EDCA57F825}.Release|x64.ActiveCfg = Release|x64
		{EA960234-7A49-4F69-A725-65EDCA57F825}.Release|x64.Build.0 = Release|x64
		{DE2F0159-E927-490E-8BD4-7182CFF70EBD}.Debug|Mixed Platforms.ActiveCfg = Debug|Win32
		{DE2F0159-E927-490E-8BD4-7182CFF70EBD}.Debug|Mixed Platforms.Build.0 = Debug|Win32
		{DE2F0159-E927-490E-8BD4-7182CFF70EBD}.Debug|Win32.ActiveCfg = Debug|Win32
		{DE2F0159-E927-490E-8BD4-7182CFF70EBD}.Debug|Win32.Build.0 = Debug|Win32
		{DE2F0159-E927-490E-8BD4-7182CFF70EBD}.Debug|x64.ActiveCfg = Debug|x64
		{DE2F0159-E927-490E-8BD4-7182CFF70EBD}.Debug|x64.Build.0 = Debug|x64
		{DE2F0159-E927-490E-8BD4-7182CFF70EBD}.Release|Mixed Platforms.ActiveCfg = Release|Win32
		{DE2F0159-E927-490E-8BD4-7182CFF70EBD}.Release|Mixed Platforms.Build.0 = Release|Win32
		{DE2F0159-E927-490E-8BD4-7182CFF70EBD}.Release|Win32.ActiveCfg = Release|Win32
		{DE2F0159-E927-490E-8BD4-7182CFF70EBD}.Release|Win32.Build.0 = Release|Win32
		{DE2F0159-E927-490E-8BD4-7182CFF70EBD}.Release|x64.ActiveCfg = Release|x64
		{DE2F0159-E927-490E-8BD4-7182CFF70EBD}.Release|x64.Build.0 = Release|x64
		{1B31354E-F3FE-445F-9D65-BC410F50B2B0}.Debug|Mixed Platforms.ActiveCfg = Debug|Win32
		{1B31354E-F3FE-445F-9D65-BC410F50B2B0}.Debug|Mixed Platforms.Build.0 = Debug|Win32
		{1B31354E-F3FE-445F-9D65-BC410F50B2B0}.Debug|Win32.ActiveCfg = Debug|Win32
		{1B31354E-F3FE-445F-9D65-BC410F50B2B0}.Debug|Win32.Build.0 = Debug|Win32
		{1B31354E-F3FE-445F-9D65-BC410F50B2B0}.Debug|x64.ActiveCfg = Debug|x64
		{1B31354E-F3FE-445F-9D65-BC410F50B2B0}.Debug|x64.Build.0 = Debug|x64
		{1B31354E-F3FE-445F-9D65-BC410F50B2B0}.Release|Mixed Platforms.ActiveCfg = Release|Win32
		{1B31354E-F3FE-445F-9D65-BC410F50B2B0}.Release|Mixed Platforms.Build.0 = Release|Win32
		{1B31354E-F3FE-445F-9D65-BC410F50B2B0}.Release|Win32.ActiveCfg = Release|Win32
		{1B31354E-F3FE-445F-9D65-BC410F50B2B0}.Release|Win32.Build.0 = Release|Win32
		{1B31354E-F3FE-445F-9D65-BC410F50B2B0}.Release|x64.ActiveCfg = Release|x64
		{1B31354E-F3FE-445F-9D65-BC410F50B2B0}.Release|x64.Build.0 = Release|x64
		{2145C13D-D4FF-40B7-B893-266F9A2E4B50}.Debug|Mixed Platforms.ActiveCfg = Debug|Win32
		{2145C13D-D4FF-40B7-B893-266F9A2E4B50}.Debug|Mixed Platforms.Build.0 = Debug|Win32
		{2145C13D-D4FF-40B7-B893-266F9A2E4B50}.Debug|Win32.ActiveCfg = Debug|Win32
		{2145C13D-D4FF-40B7-B893-266F9A2E4B50}.Debug|Win32.Build.0 = Debug|Win32
		{2145C13D-D4FF-40B7-B893-266F9A2E4B50}.Debug|x64.ActiveCfg = Debug|x64
		{2145C13D-D4FF-40B7-B893-266F9A2E4B50}.Debug|x64.Build.0 = Debug|x64
		{2145C13D-D4FF-40B7-B893-266F9A2E4B50}.Release|Mixed Platforms.ActiveCfg = Release|Win32
		{2145C13D-D4FF-40B7-B893-266F9A2E4B50}.Release|Mixed Platforms.Build.0 = Release|Win32
		{2145C13D-D4FF-40B7-B893-266F9A2E4B50}.Release|Win32.ActiveCfg = Release|Win32
		{2145C13D-D4FF-40B7-B893-266F9A2E4B50}.Release|Win32.Build.0 = Release|Win32
		{2145C13D-D4FF-40B7-B893-266F9A2E4B50}.Release|x64.ActiveCfg = Release|x64
		{2145C13D-D4FF-40B7-B893-266F9A2E4B50}.Release|x64.Build.0 = Release|x64
		{3DC9D778-106E-4A3F-A3BC-782C1C331C15}.Debug|Mixed Platforms.ActiveCfg = Debug|Win32
		{3DC9D778-106E-4A3F-A3BC-782C1C331C15}.Debug|Mixed Platforms.Build.0 = Debug|Win32
		{3DC9D778-106E-4A3F-A3BC-782C1C331C15}.Debug|Win32.ActiveCfg = Debug|Win32
		{3DC9D778-106E-4A3F-A3BC-782C1C331C15}.Debug|Win32.Build.0 = Debug|Win32
		{3DC9D778-106E-4A3F-A3BC-782C1C331C15}.Debug|x64.ActiveCfg = Debug|x64
		{3DC9D778-106E-4A3F-A3BC-782C1C331C15}.Debug|x64.Build.0 = Debug|x64
		{3DC9D778-106E-4A3F-A3BC-782C1C331C15}.Release|Mixed Platforms.ActiveCfg = Release|Win32
		{3DC9D778-106E-4A3F-A3BC-782C1C331C15}.Release|Mixed Platforms.Build.0 = Release|Win32
		{3DC9D778-106E-4A3F-A3BC-782C1C331C15}.Release|Win32.ActiveCfg = Release|Win32
		{3DC9D778-106E-4A3F-A3BC-782C1C331C15}.Release|Win32.Build.0 = Release|Win32
		{3DC9D778-106E-4A3F-A3BC-782C1C331C15}.Release|x64.ActiveCfg = Release|x64
		{3DC9D778-106E-4A3F-A3BC-782C1C331C15}.Release|x64.Build.0 = Release|x64
		{93B491F6-68D5-4587-A464-66023550F832}.Debug|Mixed Platforms.ActiveCfg = Debug|Win32
		{93B491F6-68D5-4587-A464-66023550F832}.Debug|Mixed Platforms.Build.0 = Debug|Win32
		{93B491F6-68D5-4587-A464-66023550F832}.Debug|Win32.ActiveCfg = Debug|Win32
		{93B491F6-68D5-4587-A464-66023550F832}.Debug|Win32.Build.0 = Debug|Win32
		{93B491F6-68D5-4587-A464-66023550F832}.Debug|x64.ActiveCfg = Debug|x64
		{93B491F6-68D5-4587-A464-66023550F832}.Debug|x64.Build.0 = Debug|x64
		{93B491F6-68D5-4587-A464-66023550F832}.Release|Mixed Platforms.ActiveCfg = Release|Win32
		{93B491F6-68D5-4587-A464-66023550F832}.Release|Mixed Platforms.Build.0 = Release|Win32
		{93B491F6-68D5-4587-A464-66023550F832}.Release|Win32.ActiveCfg = Release|Win32
		{93B491F6-68D5-4587-A464-66023550F832}.Release|Win32.Build.0 = Release|Win32
		{93B491F6-68D5-4587-A464-66023550F832}.Release|x64.ActiveCfg = Release|Win32
		{D771383A-862F-418B-AC36-B2C9CEBF00AE}.Debug|Mixed Platforms.ActiveCfg = Debug|Win32
		{D771383A-862F-418B-AC36-B2C9CEBF00AE}.Debug|Mixed Platforms.Build.0 = Debug|Win32
		{D771383A-862F-418B-AC36-B2C9CEBF00AE}.Debug|Win32.ActiveCfg = Debug|Win32
		{D771383A-862F-418B-AC36-B2C9CEBF00AE}.Debug|Win32.Build.0 = Debug|Win32
		{D771383A-862F-418B-AC36-B2C9CEBF00AE}.Debug|x64.ActiveCfg = Debug|x64
		{D771383A-862F-418B-AC36-B2C9CEBF00AE}.Debug|x64.Build.0 = Debug|x64
		{D771383A-862F-418B-AC36-B2C9CEBF00AE}.Release|Mixed Platforms.ActiveCfg = Release|Win32
		{D771383A-862F-418B-AC36-B2C9CEBF00AE}.Release|Mixed Platforms.Build.0 = Release|Win32
		{D771383A-862F-418B-AC36-B2C9CEBF00AE}.Release|Win32.ActiveCfg = Release|Win32
		{D771383A-862F-418B-AC36-B2C9CEBF00AE}.Release|Win32.Build.0 = Release|Win32
		{D771383A-862F-418B-AC36-B2C9CEBF00AE}.Release|x64.ActiveCfg = Release|Win32
	EndGlobalSection
	GlobalSection(SolutionProperties) = preSolution
		HideSolutionNode = FALSE
	EndGlobalSection
	GlobalSection(NestedProjects) = preSolution
		{8D6E6DC8-BFC1-4D67-8B35-25A94C97BCEB} = {4560AF12-FA84-49FA-94E4-19CB5A898DF0}
		{8532DEAA-56D3-4FF4-8FB8-664EFE6EEF83} = {4560AF12-FA84-49FA-94E4-19CB5A898DF0}
		{B8DE1218-452B-46CE-A380-4B11F3D8C1DA} = {4560AF12-FA84-49FA-94E4-19CB5A898DF0}
		{D46D1142-2F9F-4CAF-8764-F7D8BAE80FFD} = {4560AF12-FA84-49FA-94E4-19CB5A898DF0}
		{422E909B-A304-47A3-A2E6-8959FF5BC156} = {4560AF12-FA84-49FA-94E4-19CB5A898DF0}
		{47939C76-2E04-4023-ADAA-911E6240104B} = {4560AF12-FA84-49FA-94E4-19CB5A898DF0}
		{789616AD-B765-4211-9ACC-0CA60DEB4BD2} = {4560AF12-FA84-49FA-94E4-19CB5A898DF0}
		{1DDE8A69-B646-4786-A636-6D840C603695} = {4560AF12-FA84-49FA-94E4-19CB5A898DF0}
		{A58C30ED-DB36-4390-BEEF-3F050BDD601E} = {4560AF12-FA84-49FA-94E4-19CB5A898DF0}
		{8738FDAD-B4A1-48ED-B021-6FAAB9AB5072} = {4560AF12-FA84-49FA-94E4-19CB5A898DF0}
		{20A2401B-CB2F-4BC0-BD99-A742EE5ABF7B} = {4560AF12-FA84-49FA-94E4-19CB5A898DF0}
		{66F466A4-342A-48F4-B1A6-785C636457D1} = {4560AF12-FA84-49FA-94E4-19CB5A898DF0}
		{6C3DC051-9F23-4C86-9FFB-50524DB5992C} = {4560AF12-FA84-49FA-94E4-19CB5A898DF0}
		{9AB41F9C-430F-45DC-9D5F-533D052C9D8C} = {4560AF12-FA84-49FA-94E4-19CB5A898DF0}
		{1B31354E-F3FE-445F-9D65-BC410F50B2B0} = {4560AF12-FA84-49FA-94E4-19CB5A898DF0}
		{93B491F6-68D5-4587-A464-66023550F832} = {4560AF12-FA84-49FA-94E4-19CB5A898DF0}
		{27D48BF6-EBC4-417B-9E4E-B7FA2F75D570} = {060BE89F-4362-4D47-8ED0-67F456629B3C}
		{6222D284-3E51-4145-8FE1-4FE12C18029C} = {060BE89F-4362-4D47-8ED0-67F456629B3C}
		{7435F9F4-3EFE-42AA-9436-0E4D5229CD8D} = {060BE89F-4362-4D47-8ED0-67F456629B3C}
		{D3148DDA-8655-4779-B555-0707C04BDB2D} = {060BE89F-4362-4D47-8ED0-67F456629B3C}
		{8B820B2B-829F-4C6D-8D16-FD867FA067EF} = {060BE89F-4362-4D47-8ED0-67F456629B3C}
		{1F7F5996-F935-45D2-B4D5-E6E51BC465F7} = {060BE89F-4362-4D47-8ED0-67F456629B3C}
		{B3A74EA1-07FD-4E38-A10F-2D86CEDBB574} = {060BE89F-4362-4D47-8ED0-67F456629B3C}
		{64506169-1F9D-4679-B135-122B46F861EB} = {060BE89F-4362-4D47-8ED0-67F456629B3C}
		{3BCB9212-D047-4D43-91B6-ACC8EC9CB7D1} = {060BE89F-4362-4D47-8ED0-67F456629B3C}
		{2145C13D-D4FF-40B7-B893-266F9A2E4B50} = {060BE89F-4362-4D47-8ED0-67F456629B3C}
		{3DC9D778-106E-4A3F-A3BC-782C1C331C15} = {060BE89F-4362-4D47-8ED0-67F456629B3C}
		{D771383A-862F-418B-AC36-B2C9CEBF00AE} = {060BE89F-4362-4D47-8ED0-67F456629B3C}
		{14EDC47C-C44C-4821-B32D-DFC49FF00F67} = {EBE57489-1CFE-49BE-A830-8A8C171803DE}
		{960C88F6-B839-44AD-AE18-C1B0BEFA6641} = {6136E7F7-76C9-492D-A32C-36C14EF0DE79}
		{5A572578-54D6-40FE-93BC-F8E838082B52} = {6136E7F7-76C9-492D-A32C-36C14EF0DE79}
		{8A6113B8-46B6-46BC-9F17-0EDC02FF5EA6} = {6136E7F7-76C9-492D-A32C-36C14EF0DE79}
		{80092055-29F3-48FF-B851-E10B9573E29C} = {6136E7F7-76C9-492D-A32C-36C14EF0DE79}
		{23602D14-1F03-4690-B5C4-2022E21B057E} = {5A572578-54D6-40FE-93BC-F8E838082B52}
		{DD34CE7A-E164-4E5E-87EF-BF8B44431AE0} = {5A572578-54D6-40FE-93BC-F8E838082B52}
		{5FB7D055-D8F7-4E0D-84D2-715E428B0003} = {5A572578-54D6-40FE-93BC-F8E838082B52}
		{F17316B8-66FA-4F6F-BC29-2959E171A6F9} = {5A572578-54D6-40FE-93BC-F8E838082B52}
		{B2EBD6F1-6363-4E94-BEF0-C1EB009723F4} = {5A572578-54D6-40FE-93BC-F8E838082B52}
		{AB2EA968-E6B6-4C78-9489-CF3137A4C694} = {5A572578-54D6-40FE-93BC-F8E838082B52}
		{83A86A15-2F05-4EFB-B7C1-18592F7F3B06} = {CF8D6E2C-36DB-48C5-9F9D-B4CAFCB8E13E}
		{F3C3B639-4A62-49F9-84F2-787AD5D10D20} = {8A6113B8-46B6-46BC-9F17-0EDC02FF5EA6}
		{10AC39FC-B398-48A3-9C9C-95A4E07D9A48} = {8A6113B8-46B6-46BC-9F17-0EDC02FF5EA6}
		{4A5C9462-493E-4E1F-A168-BC8748BB4499} = {8A6113B8-46B6-46BC-9F17-0EDC02FF5EA6}
		{A440D259-4C62-4A31-B30C-45F040C66BA6} = {8A6113B8-46B6-46BC-9F17-0EDC02FF5EA6}
		{090F15CC-3374-4408-9E54-B343AA3565CE} = {8A6113B8-46B6-46BC-9F17-0EDC02FF5EA6}
		{61445C3B-660C-4937-B736-3CD2B0F35A58} = {F3C3B639-4A62-49F9-84F2-787AD5D10D20}
		{28385124-81B3-481C-A669-0B261946ACB4} = {F3C3B639-4A62-49F9-84F2-787AD5D10D20}
		{136D525D-DB06-4A26-AC78-263CFAE76AAA} = {28385124-81B3-481C-A669-0B261946ACB4}
		{16608C67-3E3E-4356-8AEB-C53D8B447DF2} = {136D525D-DB06-4A26-AC78-263CFAE76AAA}
		{6F1AD522-CE38-40A5-84F1-E6CFE9923420} = {16608C67-3E3E-4356-8AEB-C53D8B447DF2}
		{F082C111-2D5D-4BC9-B57A-17D1F3C921CC} = {DD34CE7A-E164-4E5E-87EF-BF8B44431AE0}
		{790404EC-635B-4797-8F52-F1D45345FE5A} = {F082C111-2D5D-4BC9-B57A-17D1F3C921CC}
		{5CFBA96B-9923-43AD-AEA6-3958D0D106BA} = {790404EC-635B-4797-8F52-F1D45345FE5A}
		{2EE40921-B690-4BED-BE0B-91E45782140A} = {80092055-29F3-48FF-B851-E10B9573E29C}
		{8C5C6696-B7E0-4BAF-981E-737EFC4F4E3F} = {5FB7D055-D8F7-4E0D-84D2-715E428B0003}
		{2809E90A-849A-4E98-AF04-9F35947A4CFE} = {8C5C6696-B7E0-4BAF-981E-737EFC4F4E3F}
		{0418EEA3-9AEF-464F-B12F-4EFA1FA657DC} = {2EE40921-B690-4BED-BE0B-91E45782140A}
		{8A293E20-BE4E-4587-AFD7-878265581C12} = {F17316B8-66FA-4F6F-BC29-2959E171A6F9}
		{58CCE292-A622-4483-A310-8022215D158C} = {9AB41F9C-430F-45DC-9D5F-533D052C9D8C}
		{EA960234-7A49-4F69-A725-65EDCA57F825} = {9AB41F9C-430F-45DC-9D5F-533D052C9D8C}
		{DE2F0159-E927-490E-8BD4-7182CFF70EBD} = {9AB41F9C-430F-45DC-9D5F-533D052C9D8C}
		{B060C18B-FDBD-4381-A53D-6447D907C022} = {090F15CC-3374-4408-9E54-B343AA3565CE}
	EndGlobalSection
EndGlobal
