
Microsoft Visual Studio Solution File, Format Version 12.00
# Visual Studio 2012
Project("{8BC9CEB8-8B4A-11D0-8D11-00A0C91BC942}") = "ccl", "lib\ccl\ccl.vcxproj", "{8D6E6DC8-BFC1-4D67-8B35-25A94C97BCEB}"
EndProject
Project("{2150E333-8FDC-42A3-9474-1A3956D46DE8}") = "lib", "lib", "{4560AF12-FA84-49FA-94E4-19CB5A898DF0}"
EndProject
Project("{8BC9CEB8-8B4A-11D0-8D11-00A0C91BC942}") = "sysl", "lib\sysl\sysl.vcxproj", "{8532DEAA-56D3-4FF4-8FB8-664EFE6EEF83}"
EndProject
Project("{8BC9CEB8-8B4A-11D0-8D11-00A0C91BC942}") = "adtl", "lib\adtl\adtl.vcxproj", "{B8DE1218-452B-46CE-A380-4B11F3D8C1DA}"
EndProject
Project("{8BC9CEB8-8B4A-11D0-8D11-00A0C91BC942}") = "iol", "lib\iol\iol.vcxproj", "{D46D1142-2F9F-4CAF-8764-F7D8BAE80FFD}"
EndProject
Project("{8BC9CEB8-8B4A-11D0-8D11-00A0C91BC942}") = "nspcl", "lib\nspcl\nspcl.vcxproj", "{422E909B-A304-47A3-A2E6-8959FF5BC156}"
EndProject
Project("{2150E333-8FDC-42A3-9474-1A3956D46DE8}") = "3rdparty", "3rdparty", "{BC540026-0B63-44BF-998D-444313B968CB}"
EndProject
Project("{8BC9CEB8-8B4A-11D0-8D11-00A0C91BC942}") = "zlib", "lib\3rdparty\zlib\zlib.vcxproj", "{DE2F0159-E927-490E-8BD4-7182CFF70EBD}"
EndProject
Project("{8BC9CEB8-8B4A-11D0-8D11-00A0C91BC942}") = "libtiff", "lib\3rdparty\libtiff\libtiff.vcxproj", "{EA960234-7A49-4F69-A725-65EDCA57F825}"
EndProject
Project("{8BC9CEB8-8B4A-11D0-8D11-00A0C91BC942}") = "libpng", "lib\3rdparty\libpng-1.2.7\libpng.vcxproj", "{58CCE292-A622-4483-A310-8022215D158C}"
EndProject
Project("{8BC9CEB8-8B4A-11D0-8D11-00A0C91BC942}") = "mathl", "lib\mathl\mathl.vcxproj", "{47939C76-2E04-4023-ADAA-911E6240104B}"
EndProject
Project("{8BC9CEB8-8B4A-11D0-8D11-00A0C91BC942}") = "miscl", "lib\miscl\miscl.vcxproj", "{789616AD-B765-4211-9ACC-0CA60DEB4BD2}"
EndProject
Project("{8BC9CEB8-8B4A-11D0-8D11-00A0C91BC942}") = "netl", "lib\netl\netl.vcxproj", "{1DDE8A69-B646-4786-A636-6D840C603695}"
EndProject
Project("{8BC9CEB8-8B4A-11D0-8D11-00A0C91BC942}") = "nshl", "lib\nshl\nshl.vcxproj", "{A58C30ED-DB36-4390-BEEF-3F050BDD601E}"
EndProject
Project("{8BC9CEB8-8B4A-11D0-8D11-00A0C91BC942}") = "nshxl", "lib\nshxl\nshxl.vcxproj", "{8738FDAD-B4A1-48ED-B021-6FAAB9AB5072}"
EndProject
Project("{8BC9CEB8-8B4A-11D0-8D11-00A0C91BC942}") = "wmil", "lib\wmil\wmil.vcxproj", "{20A2401B-CB2F-4BC0-BD99-A742EE5ABF7B}"
EndProject
Project("{2150E333-8FDC-42A3-9474-1A3956D46DE8}") = "dll", "dll", "{060BE89F-4362-4D47-8ED0-67F456629B3C}"
EndProject
Project("{8BC9CEB8-8B4A-11D0-8D11-00A0C91BC942}") = "adtn", "dll\adtn\adtn.vcxproj", "{27D48BF6-EBC4-417B-9E4E-B7FA2F75D570}"
EndProject
Project("{8BC9CEB8-8B4A-11D0-8D11-00A0C91BC942}") = "ion", "dll\ion\ion.vcxproj", "{6222D284-3E51-4145-8FE1-4FE12C18029C}"
EndProject
Project("{8BC9CEB8-8B4A-11D0-8D11-00A0C91BC942}") = "mathn", "dll\mathn\mathn.vcxproj", "{7435F9F4-3EFE-42AA-9436-0E4D5229CD8D}"
EndProject
Project("{8BC9CEB8-8B4A-11D0-8D11-00A0C91BC942}") = "miscn", "dll\miscn\miscn.vcxproj", "{D3148DDA-8655-4779-B555-0707C04BDB2D}"
EndProject
Project("{8BC9CEB8-8B4A-11D0-8D11-00A0C91BC942}") = "netn", "dll\netn\netn.vcxproj", "{8B820B2B-829F-4C6D-8D16-FD867FA067EF}"
EndProject
Project("{8BC9CEB8-8B4A-11D0-8D11-00A0C91BC942}") = "nspcn", "dll\nspcn\nspcn.vcxproj", "{1F7F5996-F935-45D2-B4D5-E6E51BC465F7}"
EndProject
Project("{8BC9CEB8-8B4A-11D0-8D11-00A0C91BC942}") = "sysn", "dll\sysn\sysn.vcxproj", "{B3A74EA1-07FD-4E38-A10F-2D86CEDBB574}"
EndProject
Project("{8BC9CEB8-8B4A-11D0-8D11-00A0C91BC942}") = "wmin", "dll\wmin\wmin.vcxproj", "{64506169-1F9D-4679-B135-122B46F861EB}"
EndProject
Project("{2150E333-8FDC-42A3-9474-1A3956D46DE8}") = "app", "app", "{EBE57489-1CFE-49BE-A830-8A8C171803DE}"
EndProject
Project("{8BC9CEB8-8B4A-11D0-8D11-00A0C91BC942}") = "nsh", "app\nsh\nsh.vcxproj", "{14EDC47C-C44C-4821-B32D-DFC49FF00F67}"
EndProject
Project("{2150E333-8FDC-42A3-9474-1A3956D46DE8}") = "graph", "graph", "{6136E7F7-76C9-492D-A32C-36C14EF0DE79}"
EndProject
Project("{2150E333-8FDC-42A3-9474-1A3956D46DE8}") = "app", "app", "{960C88F6-B839-44AD-AE18-C1B0BEFA6641}"
	ProjectSection(SolutionItems) = preProject
		..\graph\app\auto.nspc = ..\graph\app\auto.nspc
		..\graph\app\shell.nspc = ..\graph\app\shell.nspc
	EndProjectSection
EndProject
Project("{2150E333-8FDC-42A3-9474-1A3956D46DE8}") = "state", "state", "{5A572578-54D6-40FE-93BC-F8E838082B52}"
EndProject
Project("{2150E333-8FDC-42A3-9474-1A3956D46DE8}") = "graph", "graph", "{23602D14-1F03-4690-B5C4-2022E21B057E}"
	ProjectSection(SolutionItems) = preProject
		..\graph\state\graph\shell.nspc = ..\graph\state\graph\shell.nspc
	EndProjectSection
EndProject
Project("{2150E333-8FDC-42A3-9474-1A3956D46DE8}") = "resource", "resource", "{CF8D6E2C-36DB-48C5-9F9D-B4CAFCB8E13E}"
EndProject
Project("{2150E333-8FDC-42A3-9474-1A3956D46DE8}") = "record", "record", "{83A86A15-2F05-4EFB-B7C1-18592F7F3B06}"
	ProjectSection(SolutionItems) = preProject
		..\resource\record\default.nspc = ..\resource\record\default.nspc
	EndProjectSection
EndProject
Project("{8BC9CEB8-8B4A-11D0-8D11-00A0C91BC942}") = "usbl", "lib\usbl\usbl.vcxproj", "{66F466A4-342A-48F4-B1A6-785C636457D1}"
EndProject
Project("{8BC9CEB8-8B4A-11D0-8D11-00A0C91BC942}") = "usbn", "dll\usbn\usbn.vcxproj", "{3BCB9212-D047-4D43-91B6-ACC8EC9CB7D1}"
EndProject
Project("{2150E333-8FDC-42A3-9474-1A3956D46DE8}") = "lib", "lib", "{8A6113B8-46B6-46BC-9F17-0EDC02FF5EA6}"
	ProjectSection(SolutionItems) = preProject
		..\graph\lib\sync_value_q.nspc = ..\graph\lib\sync_value_q.nspc
		..\graph\lib\sync_value_qa.nspc = ..\graph\lib\sync_value_qa.nspc
	EndProjectSection
EndProject
Project("{2150E333-8FDC-42A3-9474-1A3956D46DE8}") = "comm", "comm", "{F3C3B639-4A62-49F9-84F2-787AD5D10D20}"
	ProjectSection(SolutionItems) = preProject
		..\graph\lib\comm\DctStm.nspc = ..\graph\lib\comm\DctStm.nspc
		..\graph\lib\comm\DctStrStm.nspc = ..\graph\lib\comm\DctStrStm.nspc
		..\graph\lib\comm\StmDct.nspc = ..\graph\lib\comm\StmDct.nspc
		..\graph\lib\comm\StrMemStm.nspc = ..\graph\lib\comm\StrMemStm.nspc
	EndProjectSection
EndProject
Project("{2150E333-8FDC-42A3-9474-1A3956D46DE8}") = "usb", "usb", "{61445C3B-660C-4937-B736-3CD2B0F35A58}"
	ProjectSection(SolutionItems) = preProject
		..\graph\lib\comm\usb\open_by_id.nspc = ..\graph\lib\comm\usb\open_by_id.nspc
	EndProjectSection
EndProject
Project("{2150E333-8FDC-42A3-9474-1A3956D46DE8}") = "network", "network", "{28385124-81B3-481C-A669-0B261946ACB4}"
EndProject
Project("{2150E333-8FDC-42A3-9474-1A3956D46DE8}") = "ip", "ip", "{136D525D-DB06-4A26-AC78-263CFAE76AAA}"
EndProject
Project("{2150E333-8FDC-42A3-9474-1A3956D46DE8}") = "tcp", "tcp", "{16608C67-3E3E-4356-8AEB-C53D8B447DF2}"
	ProjectSection(SolutionItems) = preProject
		..\graph\lib\comm\network\ip\tcp\ServerClients.nspc = ..\graph\lib\comm\network\ip\tcp\ServerClients.nspc
	EndProjectSection
EndProject
Project("{2150E333-8FDC-42A3-9474-1A3956D46DE8}") = "http", "http", "{6F1AD522-CE38-40A5-84F1-E6CFE9923420}"
	ProjectSection(SolutionItems) = preProject
		..\graph\lib\comm\network\ip\tcp\http\browser.nspc = ..\graph\lib\comm\network\ip\tcp\http\browser.nspc
		..\graph\lib\comm\network\ip\tcp\http\client.nspc = ..\graph\lib\comm\network\ip\tcp\http\client.nspc
		..\graph\lib\comm\network\ip\tcp\http\fmthdr.nspc = ..\graph\lib\comm\network\ip\tcp\http\fmthdr.nspc
		..\graph\lib\comm\network\ip\tcp\http\fmtmthd.nspc = ..\graph\lib\comm\network\ip\tcp\http\fmtmthd.nspc
		..\graph\lib\comm\network\ip\tcp\http\fmtreq.nspc = ..\graph\lib\comm\network\ip\tcp\http\fmtreq.nspc
		..\graph\lib\comm\network\ip\tcp\http\format.nspc = ..\graph\lib\comm\network\ip\tcp\http\format.nspc
		..\graph\lib\comm\network\ip\tcp\http\reqstm.nspc = ..\graph\lib\comm\network\ip\tcp\http\reqstm.nspc
		..\graph\lib\comm\network\ip\tcp\http\server.nspc = ..\graph\lib\comm\network\ip\tcp\http\server.nspc
		..\graph\lib\comm\network\ip\tcp\http\stmrsp.nspc = ..\graph\lib\comm\network\ip\tcp\http\stmrsp.nspc
	EndProjectSection
EndProject
Project("{2150E333-8FDC-42A3-9474-1A3956D46DE8}") = "network", "network", "{DD34CE7A-E164-4E5E-87EF-BF8B44431AE0}"
EndProject
Project("{2150E333-8FDC-42A3-9474-1A3956D46DE8}") = "ip", "ip", "{F082C111-2D5D-4BC9-B57A-17D1F3C921CC}"
EndProject
Project("{2150E333-8FDC-42A3-9474-1A3956D46DE8}") = "tcp", "tcp", "{790404EC-635B-4797-8F52-F1D45345FE5A}"
EndProject
Project("{2150E333-8FDC-42A3-9474-1A3956D46DE8}") = "http", "http", "{5CFBA96B-9923-43AD-AEA6-3958D0D106BA}"
	ProjectSection(SolutionItems) = preProject
		..\graph\state\network\ip\tcp\http\browser.nspc = ..\graph\state\network\ip\tcp\http\browser.nspc
	EndProjectSection
EndProject
Project("{2150E333-8FDC-42A3-9474-1A3956D46DE8}") = "namespace", "namespace", "{10AC39FC-B398-48A3-9C9C-95A4E07D9A48}"
	ProjectSection(SolutionItems) = preProject
		..\graph\lib\namespace\client.nspc = ..\graph\lib\namespace\client.nspc
		..\graph\lib\namespace\service.nspc = ..\graph\lib\namespace\service.nspc
	EndProjectSection
EndProject
Project("{2150E333-8FDC-42A3-9474-1A3956D46DE8}") = "vendor", "vendor", "{BD9987A6-F3F4-4967-B0B3-11B7D6F43EA1}"
EndProject
Project("{8BC9CEB8-8B4A-11D0-8D11-00A0C91BC942}") = "flycapturel", "lib\vendor\flycapturel\flycapturel.vcxproj", "{03D2A464-D4C2-4519-B814-D516323AFA75}"
EndProject
Project("{2150E333-8FDC-42A3-9474-1A3956D46DE8}") = "vendor", "vendor", "{D9ABFD87-4E82-40E5-A266-3EEBB2E47CA1}"
EndProject
Project("{8BC9CEB8-8B4A-11D0-8D11-00A0C91BC942}") = "flycapturen", "dll\vendor\flycapturen\flycapturen.vcxproj", "{3E543F5B-ED48-4EE5-B31E-4412B1E2BCFD}"
EndProject
Project("{2150E333-8FDC-42A3-9474-1A3956D46DE8}") = "driver", "driver", "{80092055-29F3-48FF-B851-E10B9573E29C}"
EndProject
Project("{2150E333-8FDC-42A3-9474-1A3956D46DE8}") = "driver", "driver", "{5FB7D055-D8F7-4E0D-84D2-715E428B0003}"
EndProject
Project("{2150E333-8FDC-42A3-9474-1A3956D46DE8}") = "device", "device", "{8C5C6696-B7E0-4BAF-981E-737EFC4F4E3F}"
EndProject
Project("{2150E333-8FDC-42A3-9474-1A3956D46DE8}") = "flycapture", "flycapture", "{ADEAFFCC-BFD1-45A8-AF1B-49E7A750AE3C}"
	ProjectSection(SolutionItems) = preProject
		..\graph\state\driver\device\flycapture\state.nspc = ..\graph\state\driver\device\flycapture\state.nspc
	EndProjectSection
EndProject
Project("{2150E333-8FDC-42A3-9474-1A3956D46DE8}") = "device", "device", "{2EE40921-B690-4BED-BE0B-91E45782140A}"
EndProject
Project("{2150E333-8FDC-42A3-9474-1A3956D46DE8}") = "flycapture", "flycapture", "{0F4B4427-F513-46FB-AD68-6B5CD3167565}"
	ProjectSection(SolutionItems) = preProject
		..\graph\driver\device\flycapture\inst.nspc = ..\graph\driver\device\flycapture\inst.nspc
	EndProjectSection
EndProject
Global
	GlobalSection(SolutionConfigurationPlatforms) = preSolution
		Debug|Win32 = Debug|Win32
		Release|Win32 = Release|Win32
	EndGlobalSection
	GlobalSection(ProjectConfigurationPlatforms) = postSolution
		{8D6E6DC8-BFC1-4D67-8B35-25A94C97BCEB}.Debug|Win32.ActiveCfg = Debug|Win32
		{8D6E6DC8-BFC1-4D67-8B35-25A94C97BCEB}.Debug|Win32.Build.0 = Debug|Win32
		{8D6E6DC8-BFC1-4D67-8B35-25A94C97BCEB}.Release|Win32.ActiveCfg = Release|Win32
		{8D6E6DC8-BFC1-4D67-8B35-25A94C97BCEB}.Release|Win32.Build.0 = Release|Win32
		{8532DEAA-56D3-4FF4-8FB8-664EFE6EEF83}.Debug|Win32.ActiveCfg = Debug|Win32
		{8532DEAA-56D3-4FF4-8FB8-664EFE6EEF83}.Debug|Win32.Build.0 = Debug|Win32
		{8532DEAA-56D3-4FF4-8FB8-664EFE6EEF83}.Release|Win32.ActiveCfg = Release|Win32
		{8532DEAA-56D3-4FF4-8FB8-664EFE6EEF83}.Release|Win32.Build.0 = Release|Win32
		{B8DE1218-452B-46CE-A380-4B11F3D8C1DA}.Debug|Win32.ActiveCfg = Debug|Win32
		{B8DE1218-452B-46CE-A380-4B11F3D8C1DA}.Debug|Win32.Build.0 = Debug|Win32
		{B8DE1218-452B-46CE-A380-4B11F3D8C1DA}.Release|Win32.ActiveCfg = Release|Win32
		{B8DE1218-452B-46CE-A380-4B11F3D8C1DA}.Release|Win32.Build.0 = Release|Win32
		{D46D1142-2F9F-4CAF-8764-F7D8BAE80FFD}.Debug|Win32.ActiveCfg = Debug|Win32
		{D46D1142-2F9F-4CAF-8764-F7D8BAE80FFD}.Debug|Win32.Build.0 = Debug|Win32
		{D46D1142-2F9F-4CAF-8764-F7D8BAE80FFD}.Release|Win32.ActiveCfg = Release|Win32
		{D46D1142-2F9F-4CAF-8764-F7D8BAE80FFD}.Release|Win32.Build.0 = Release|Win32
		{422E909B-A304-47A3-A2E6-8959FF5BC156}.Debug|Win32.ActiveCfg = Debug|Win32
		{422E909B-A304-47A3-A2E6-8959FF5BC156}.Debug|Win32.Build.0 = Debug|Win32
		{422E909B-A304-47A3-A2E6-8959FF5BC156}.Release|Win32.ActiveCfg = Release|Win32
		{422E909B-A304-47A3-A2E6-8959FF5BC156}.Release|Win32.Build.0 = Release|Win32
		{DE2F0159-E927-490E-8BD4-7182CFF70EBD}.Debug|Win32.ActiveCfg = Debug|Win32
		{DE2F0159-E927-490E-8BD4-7182CFF70EBD}.Debug|Win32.Build.0 = Debug|Win32
		{DE2F0159-E927-490E-8BD4-7182CFF70EBD}.Release|Win32.ActiveCfg = Release|Win32
		{DE2F0159-E927-490E-8BD4-7182CFF70EBD}.Release|Win32.Build.0 = Release|Win32
		{EA960234-7A49-4F69-A725-65EDCA57F825}.Debug|Win32.ActiveCfg = Debug|Win32
		{EA960234-7A49-4F69-A725-65EDCA57F825}.Debug|Win32.Build.0 = Debug|Win32
		{EA960234-7A49-4F69-A725-65EDCA57F825}.Release|Win32.ActiveCfg = Release|Win32
		{EA960234-7A49-4F69-A725-65EDCA57F825}.Release|Win32.Build.0 = Release|Win32
		{58CCE292-A622-4483-A310-8022215D158C}.Debug|Win32.ActiveCfg = Debug|Win32
		{58CCE292-A622-4483-A310-8022215D158C}.Debug|Win32.Build.0 = Debug|Win32
		{58CCE292-A622-4483-A310-8022215D158C}.Release|Win32.ActiveCfg = Release|Win32
		{58CCE292-A622-4483-A310-8022215D158C}.Release|Win32.Build.0 = Release|Win32
		{47939C76-2E04-4023-ADAA-911E6240104B}.Debug|Win32.ActiveCfg = Debug|Win32
		{47939C76-2E04-4023-ADAA-911E6240104B}.Debug|Win32.Build.0 = Debug|Win32
		{47939C76-2E04-4023-ADAA-911E6240104B}.Release|Win32.ActiveCfg = Release|Win32
		{47939C76-2E04-4023-ADAA-911E6240104B}.Release|Win32.Build.0 = Release|Win32
		{789616AD-B765-4211-9ACC-0CA60DEB4BD2}.Debug|Win32.ActiveCfg = Debug|Win32
		{789616AD-B765-4211-9ACC-0CA60DEB4BD2}.Debug|Win32.Build.0 = Debug|Win32
		{789616AD-B765-4211-9ACC-0CA60DEB4BD2}.Release|Win32.ActiveCfg = Release|Win32
		{789616AD-B765-4211-9ACC-0CA60DEB4BD2}.Release|Win32.Build.0 = Release|Win32
		{1DDE8A69-B646-4786-A636-6D840C603695}.Debug|Win32.ActiveCfg = Debug|Win32
		{1DDE8A69-B646-4786-A636-6D840C603695}.Debug|Win32.Build.0 = Debug|Win32
		{1DDE8A69-B646-4786-A636-6D840C603695}.Release|Win32.ActiveCfg = Release|Win32
		{1DDE8A69-B646-4786-A636-6D840C603695}.Release|Win32.Build.0 = Release|Win32
		{A58C30ED-DB36-4390-BEEF-3F050BDD601E}.Debug|Win32.ActiveCfg = Debug|Win32
		{A58C30ED-DB36-4390-BEEF-3F050BDD601E}.Debug|Win32.Build.0 = Debug|Win32
		{A58C30ED-DB36-4390-BEEF-3F050BDD601E}.Release|Win32.ActiveCfg = Release|Win32
		{A58C30ED-DB36-4390-BEEF-3F050BDD601E}.Release|Win32.Build.0 = Release|Win32
		{8738FDAD-B4A1-48ED-B021-6FAAB9AB5072}.Debug|Win32.ActiveCfg = Debug|Win32
		{8738FDAD-B4A1-48ED-B021-6FAAB9AB5072}.Debug|Win32.Build.0 = Debug|Win32
		{8738FDAD-B4A1-48ED-B021-6FAAB9AB5072}.Release|Win32.ActiveCfg = Release|Win32
		{8738FDAD-B4A1-48ED-B021-6FAAB9AB5072}.Release|Win32.Build.0 = Release|Win32
		{20A2401B-CB2F-4BC0-BD99-A742EE5ABF7B}.Debug|Win32.ActiveCfg = Debug|Win32
		{20A2401B-CB2F-4BC0-BD99-A742EE5ABF7B}.Debug|Win32.Build.0 = Debug|Win32
		{20A2401B-CB2F-4BC0-BD99-A742EE5ABF7B}.Release|Win32.ActiveCfg = Release|Win32
		{20A2401B-CB2F-4BC0-BD99-A742EE5ABF7B}.Release|Win32.Build.0 = Release|Win32
		{27D48BF6-EBC4-417B-9E4E-B7FA2F75D570}.Debug|Win32.ActiveCfg = Debug|Win32
		{27D48BF6-EBC4-417B-9E4E-B7FA2F75D570}.Debug|Win32.Build.0 = Debug|Win32
		{27D48BF6-EBC4-417B-9E4E-B7FA2F75D570}.Release|Win32.ActiveCfg = Release|Win32
		{27D48BF6-EBC4-417B-9E4E-B7FA2F75D570}.Release|Win32.Build.0 = Release|Win32
		{6222D284-3E51-4145-8FE1-4FE12C18029C}.Debug|Win32.ActiveCfg = Debug|Win32
		{6222D284-3E51-4145-8FE1-4FE12C18029C}.Debug|Win32.Build.0 = Debug|Win32
		{6222D284-3E51-4145-8FE1-4FE12C18029C}.Release|Win32.ActiveCfg = Release|Win32
		{6222D284-3E51-4145-8FE1-4FE12C18029C}.Release|Win32.Build.0 = Release|Win32
		{7435F9F4-3EFE-42AA-9436-0E4D5229CD8D}.Debug|Win32.ActiveCfg = Debug|Win32
		{7435F9F4-3EFE-42AA-9436-0E4D5229CD8D}.Debug|Win32.Build.0 = Debug|Win32
		{7435F9F4-3EFE-42AA-9436-0E4D5229CD8D}.Release|Win32.ActiveCfg = Release|Win32
		{7435F9F4-3EFE-42AA-9436-0E4D5229CD8D}.Release|Win32.Build.0 = Release|Win32
		{D3148DDA-8655-4779-B555-0707C04BDB2D}.Debug|Win32.ActiveCfg = Debug|Win32
		{D3148DDA-8655-4779-B555-0707C04BDB2D}.Debug|Win32.Build.0 = Debug|Win32
		{D3148DDA-8655-4779-B555-0707C04BDB2D}.Release|Win32.ActiveCfg = Release|Win32
		{D3148DDA-8655-4779-B555-0707C04BDB2D}.Release|Win32.Build.0 = Release|Win32
		{8B820B2B-829F-4C6D-8D16-FD867FA067EF}.Debug|Win32.ActiveCfg = Debug|Win32
		{8B820B2B-829F-4C6D-8D16-FD867FA067EF}.Debug|Win32.Build.0 = Debug|Win32
		{8B820B2B-829F-4C6D-8D16-FD867FA067EF}.Release|Win32.ActiveCfg = Release|Win32
		{8B820B2B-829F-4C6D-8D16-FD867FA067EF}.Release|Win32.Build.0 = Release|Win32
		{1F7F5996-F935-45D2-B4D5-E6E51BC465F7}.Debug|Win32.ActiveCfg = Debug|Win32
		{1F7F5996-F935-45D2-B4D5-E6E51BC465F7}.Debug|Win32.Build.0 = Debug|Win32
		{1F7F5996-F935-45D2-B4D5-E6E51BC465F7}.Release|Win32.ActiveCfg = Release|Win32
		{1F7F5996-F935-45D2-B4D5-E6E51BC465F7}.Release|Win32.Build.0 = Release|Win32
		{B3A74EA1-07FD-4E38-A10F-2D86CEDBB574}.Debug|Win32.ActiveCfg = Debug|Win32
		{B3A74EA1-07FD-4E38-A10F-2D86CEDBB574}.Debug|Win32.Build.0 = Debug|Win32
		{B3A74EA1-07FD-4E38-A10F-2D86CEDBB574}.Release|Win32.ActiveCfg = Release|Win32
		{B3A74EA1-07FD-4E38-A10F-2D86CEDBB574}.Release|Win32.Build.0 = Release|Win32
		{64506169-1F9D-4679-B135-122B46F861EB}.Debug|Win32.ActiveCfg = Debug|Win32
		{64506169-1F9D-4679-B135-122B46F861EB}.Debug|Win32.Build.0 = Debug|Win32
		{64506169-1F9D-4679-B135-122B46F861EB}.Release|Win32.ActiveCfg = Release|Win32
		{64506169-1F9D-4679-B135-122B46F861EB}.Release|Win32.Build.0 = Release|Win32
		{14EDC47C-C44C-4821-B32D-DFC49FF00F67}.Debug|Win32.ActiveCfg = Debug|Win32
		{14EDC47C-C44C-4821-B32D-DFC49FF00F67}.Debug|Win32.Build.0 = Debug|Win32
		{14EDC47C-C44C-4821-B32D-DFC49FF00F67}.Release|Win32.ActiveCfg = Release|Win32
		{14EDC47C-C44C-4821-B32D-DFC49FF00F67}.Release|Win32.Build.0 = Release|Win32
		{66F466A4-342A-48F4-B1A6-785C636457D1}.Debug|Win32.ActiveCfg = Debug|Win32
		{66F466A4-342A-48F4-B1A6-785C636457D1}.Debug|Win32.Build.0 = Debug|Win32
		{66F466A4-342A-48F4-B1A6-785C636457D1}.Release|Win32.ActiveCfg = Release|Win32
		{66F466A4-342A-48F4-B1A6-785C636457D1}.Release|Win32.Build.0 = Release|Win32
		{3BCB9212-D047-4D43-91B6-ACC8EC9CB7D1}.Debug|Win32.ActiveCfg = Debug|Win32
		{3BCB9212-D047-4D43-91B6-ACC8EC9CB7D1}.Debug|Win32.Build.0 = Debug|Win32
		{3BCB9212-D047-4D43-91B6-ACC8EC9CB7D1}.Release|Win32.ActiveCfg = Release|Win32
		{3BCB9212-D047-4D43-91B6-ACC8EC9CB7D1}.Release|Win32.Build.0 = Release|Win32
		{03D2A464-D4C2-4519-B814-D516323AFA75}.Debug|Win32.ActiveCfg = Debug|Win32
		{03D2A464-D4C2-4519-B814-D516323AFA75}.Debug|Win32.Build.0 = Debug|Win32
		{03D2A464-D4C2-4519-B814-D516323AFA75}.Release|Win32.ActiveCfg = Release|Win32
		{03D2A464-D4C2-4519-B814-D516323AFA75}.Release|Win32.Build.0 = Release|Win32
		{3E543F5B-ED48-4EE5-B31E-4412B1E2BCFD}.Debug|Win32.ActiveCfg = Debug|Win32
		{3E543F5B-ED48-4EE5-B31E-4412B1E2BCFD}.Debug|Win32.Build.0 = Debug|Win32
		{3E543F5B-ED48-4EE5-B31E-4412B1E2BCFD}.Release|Win32.ActiveCfg = Release|Win32
		{3E543F5B-ED48-4EE5-B31E-4412B1E2BCFD}.Release|Win32.Build.0 = Release|Win32
	EndGlobalSection
	GlobalSection(SolutionProperties) = preSolution
		HideSolutionNode = FALSE
	EndGlobalSection
	GlobalSection(NestedProjects) = preSolution
		{8D6E6DC8-BFC1-4D67-8B35-25A94C97BCEB} = {4560AF12-FA84-49FA-94E4-19CB5A898DF0}
		{8532DEAA-56D3-4FF4-8FB8-664EFE6EEF83} = {4560AF12-FA84-49FA-94E4-19CB5A898DF0}
		{B8DE1218-452B-46CE-A380-4B11F3D8C1DA} = {4560AF12-FA84-49FA-94E4-19CB5A898DF0}
		{D46D1142-2F9F-4CAF-8764-F7D8BAE80FFD} = {4560AF12-FA84-49FA-94E4-19CB5A898DF0}
		{422E909B-A304-47A3-A2E6-8959FF5BC156} = {4560AF12-FA84-49FA-94E4-19CB5A898DF0}
		{BC540026-0B63-44BF-998D-444313B968CB} = {4560AF12-FA84-49FA-94E4-19CB5A898DF0}
		{47939C76-2E04-4023-ADAA-911E6240104B} = {4560AF12-FA84-49FA-94E4-19CB5A898DF0}
		{789616AD-B765-4211-9ACC-0CA60DEB4BD2} = {4560AF12-FA84-49FA-94E4-19CB5A898DF0}
		{1DDE8A69-B646-4786-A636-6D840C603695} = {4560AF12-FA84-49FA-94E4-19CB5A898DF0}
		{A58C30ED-DB36-4390-BEEF-3F050BDD601E} = {4560AF12-FA84-49FA-94E4-19CB5A898DF0}
		{8738FDAD-B4A1-48ED-B021-6FAAB9AB5072} = {4560AF12-FA84-49FA-94E4-19CB5A898DF0}
		{20A2401B-CB2F-4BC0-BD99-A742EE5ABF7B} = {4560AF12-FA84-49FA-94E4-19CB5A898DF0}
		{66F466A4-342A-48F4-B1A6-785C636457D1} = {4560AF12-FA84-49FA-94E4-19CB5A898DF0}
		{BD9987A6-F3F4-4967-B0B3-11B7D6F43EA1} = {4560AF12-FA84-49FA-94E4-19CB5A898DF0}
		{DE2F0159-E927-490E-8BD4-7182CFF70EBD} = {BC540026-0B63-44BF-998D-444313B968CB}
		{EA960234-7A49-4F69-A725-65EDCA57F825} = {BC540026-0B63-44BF-998D-444313B968CB}
		{58CCE292-A622-4483-A310-8022215D158C} = {BC540026-0B63-44BF-998D-444313B968CB}
		{27D48BF6-EBC4-417B-9E4E-B7FA2F75D570} = {060BE89F-4362-4D47-8ED0-67F456629B3C}
		{6222D284-3E51-4145-8FE1-4FE12C18029C} = {060BE89F-4362-4D47-8ED0-67F456629B3C}
		{7435F9F4-3EFE-42AA-9436-0E4D5229CD8D} = {060BE89F-4362-4D47-8ED0-67F456629B3C}
		{D3148DDA-8655-4779-B555-0707C04BDB2D} = {060BE89F-4362-4D47-8ED0-67F456629B3C}
		{8B820B2B-829F-4C6D-8D16-FD867FA067EF} = {060BE89F-4362-4D47-8ED0-67F456629B3C}
		{1F7F5996-F935-45D2-B4D5-E6E51BC465F7} = {060BE89F-4362-4D47-8ED0-67F456629B3C}
		{B3A74EA1-07FD-4E38-A10F-2D86CEDBB574} = {060BE89F-4362-4D47-8ED0-67F456629B3C}
		{64506169-1F9D-4679-B135-122B46F861EB} = {060BE89F-4362-4D47-8ED0-67F456629B3C}
		{3BCB9212-D047-4D43-91B6-ACC8EC9CB7D1} = {060BE89F-4362-4D47-8ED0-67F456629B3C}
		{D9ABFD87-4E82-40E5-A266-3EEBB2E47CA1} = {060BE89F-4362-4D47-8ED0-67F456629B3C}
		{14EDC47C-C44C-4821-B32D-DFC49FF00F67} = {EBE57489-1CFE-49BE-A830-8A8C171803DE}
		{960C88F6-B839-44AD-AE18-C1B0BEFA6641} = {6136E7F7-76C9-492D-A32C-36C14EF0DE79}
		{5A572578-54D6-40FE-93BC-F8E838082B52} = {6136E7F7-76C9-492D-A32C-36C14EF0DE79}
		{8A6113B8-46B6-46BC-9F17-0EDC02FF5EA6} = {6136E7F7-76C9-492D-A32C-36C14EF0DE79}
		{80092055-29F3-48FF-B851-E10B9573E29C} = {6136E7F7-76C9-492D-A32C-36C14EF0DE79}
		{23602D14-1F03-4690-B5C4-2022E21B057E} = {5A572578-54D6-40FE-93BC-F8E838082B52}
		{DD34CE7A-E164-4E5E-87EF-BF8B44431AE0} = {5A572578-54D6-40FE-93BC-F8E838082B52}
		{5FB7D055-D8F7-4E0D-84D2-715E428B0003} = {5A572578-54D6-40FE-93BC-F8E838082B52}
		{83A86A15-2F05-4EFB-B7C1-18592F7F3B06} = {CF8D6E2C-36DB-48C5-9F9D-B4CAFCB8E13E}
		{F3C3B639-4A62-49F9-84F2-787AD5D10D20} = {8A6113B8-46B6-46BC-9F17-0EDC02FF5EA6}
		{10AC39FC-B398-48A3-9C9C-95A4E07D9A48} = {8A6113B8-46B6-46BC-9F17-0EDC02FF5EA6}
		{61445C3B-660C-4937-B736-3CD2B0F35A58} = {F3C3B639-4A62-49F9-84F2-787AD5D10D20}
		{28385124-81B3-481C-A669-0B261946ACB4} = {F3C3B639-4A62-49F9-84F2-787AD5D10D20}
		{136D525D-DB06-4A26-AC78-263CFAE76AAA} = {28385124-81B3-481C-A669-0B261946ACB4}
		{16608C67-3E3E-4356-8AEB-C53D8B447DF2} = {136D525D-DB06-4A26-AC78-263CFAE76AAA}
		{6F1AD522-CE38-40A5-84F1-E6CFE9923420} = {16608C67-3E3E-4356-8AEB-C53D8B447DF2}
		{F082C111-2D5D-4BC9-B57A-17D1F3C921CC} = {DD34CE7A-E164-4E5E-87EF-BF8B44431AE0}
		{790404EC-635B-4797-8F52-F1D45345FE5A} = {F082C111-2D5D-4BC9-B57A-17D1F3C921CC}
		{5CFBA96B-9923-43AD-AEA6-3958D0D106BA} = {790404EC-635B-4797-8F52-F1D45345FE5A}
		{03D2A464-D4C2-4519-B814-D516323AFA75} = {BD9987A6-F3F4-4967-B0B3-11B7D6F43EA1}
		{3E543F5B-ED48-4EE5-B31E-4412B1E2BCFD} = {D9ABFD87-4E82-40E5-A266-3EEBB2E47CA1}
		{2EE40921-B690-4BED-BE0B-91E45782140A} = {80092055-29F3-48FF-B851-E10B9573E29C}
		{8C5C6696-B7E0-4BAF-981E-737EFC4F4E3F} = {5FB7D055-D8F7-4E0D-84D2-715E428B0003}
		{ADEAFFCC-BFD1-45A8-AF1B-49E7A750AE3C} = {8C5C6696-B7E0-4BAF-981E-737EFC4F4E3F}
		{0F4B4427-F513-46FB-AD68-6B5CD3167565} = {2EE40921-B690-4BED-BE0B-91E45782140A}
	EndGlobalSection
EndGlobal
