
Microsoft Visual Studio Solution File, Format Version 12.00
# Visual Studio 14
VisualStudioVersion = 14.0.25123.0
MinimumVisualStudioVersion = 10.0.40219.1
Project("{2150E333-8FDC-42A3-9474-1A3956D46DE8}") = "lib", "lib", "{4560AF12-FA84-49FA-94E4-19CB5A898DF0}"
EndProject
Project("{2150E333-8FDC-42A3-9474-1A3956D46DE8}") = "dll", "dll", "{060BE89F-4362-4D47-8ED0-67F456629B3C}"
EndProject
Project("{2150E333-8FDC-42A3-9474-1A3956D46DE8}") = "app", "app", "{EBE57489-1CFE-49BE-A830-8A8C171803DE}"
EndProject
Project("{2150E333-8FDC-42A3-9474-1A3956D46DE8}") = "graph", "graph", "{6136E7F7-76C9-492D-A32C-36C14EF0DE79}"
EndProject
Project("{2150E333-8FDC-42A3-9474-1A3956D46DE8}") = "app", "app", "{960C88F6-B839-44AD-AE18-C1B0BEFA6641}"
	ProjectSection(SolutionItems) = preProject
		..\graph\app\auto.nspc = ..\graph\app\auto.nspc
		..\graph\app\shell.nspc = ..\graph\app\shell.nspc
	EndProjectSection
EndProject
Project("{2150E333-8FDC-42A3-9474-1A3956D46DE8}") = "state", "state", "{5A572578-54D6-40FE-93BC-F8E838082B52}"
	ProjectSection(SolutionItems) = preProject
		..\graph\state\value.nspc = ..\graph\state\value.nspc
	EndProjectSection
EndProject
Project("{2150E333-8FDC-42A3-9474-1A3956D46DE8}") = "graph", "graph", "{23602D14-1F03-4690-B5C4-2022E21B057E}"
	ProjectSection(SolutionItems) = preProject
		..\graph\state\graph\shell.nspc = ..\graph\state\graph\shell.nspc
	EndProjectSection
EndProject
Project("{2150E333-8FDC-42A3-9474-1A3956D46DE8}") = "resource", "resource", "{CF8D6E2C-36DB-48C5-9F9D-B4CAFCB8E13E}"
EndProject
Project("{2150E333-8FDC-42A3-9474-1A3956D46DE8}") = "record", "record", "{83A86A15-2F05-4EFB-B7C1-18592F7F3B06}"
	ProjectSection(SolutionItems) = preProject
		..\resource\record\default.nspc = ..\resource\record\default.nspc
	EndProjectSection
EndProject
Project("{2150E333-8FDC-42A3-9474-1A3956D46DE8}") = "lib", "lib", "{8A6113B8-46B6-46BC-9F17-0EDC02FF5EA6}"
	ProjectSection(SolutionItems) = preProject
		..\graph\lib\ordered_list.nspc = ..\graph\lib\ordered_list.nspc
		..\graph\lib\sync_value_q.nspc = ..\graph\lib\sync_value_q.nspc
		..\graph\lib\sync_value_qa.nspc = ..\graph\lib\sync_value_qa.nspc
	EndProjectSection
EndProject
Project("{2150E333-8FDC-42A3-9474-1A3956D46DE8}") = "comm", "comm", "{F3C3B639-4A62-49F9-84F2-787AD5D10D20}"
	ProjectSection(SolutionItems) = preProject
		..\graph\lib\comm\DctStm.nspc = ..\graph\lib\comm\DctStm.nspc
		..\graph\lib\comm\DctStrStm.nspc = ..\graph\lib\comm\DctStrStm.nspc
		..\graph\lib\comm\StmDct.nspc = ..\graph\lib\comm\StmDct.nspc
		..\graph\lib\comm\StrMemStm.nspc = ..\graph\lib\comm\StrMemStm.nspc
	EndProjectSection
EndProject
Project("{2150E333-8FDC-42A3-9474-1A3956D46DE8}") = "usb", "usb", "{61445C3B-660C-4937-B736-3CD2B0F35A58}"
	ProjectSection(SolutionItems) = preProject
		..\graph\lib\comm\usb\auto.nspc = ..\graph\lib\comm\usb\auto.nspc
		..\graph\lib\comm\usb\enum.nspc = ..\graph\lib\comm\usb\enum.nspc
		..\graph\lib\comm\usb\open_by_id.nspc = ..\graph\lib\comm\usb\open_by_id.nspc
		..\graph\lib\comm\usb\raw.nspc = ..\graph\lib\comm\usb\raw.nspc
	EndProjectSection
EndProject
Project("{2150E333-8FDC-42A3-9474-1A3956D46DE8}") = "network", "network", "{28385124-81B3-481C-A669-0B261946ACB4}"
EndProject
Project("{2150E333-8FDC-42A3-9474-1A3956D46DE8}") = "ip", "ip", "{136D525D-DB06-4A26-AC78-263CFAE76AAA}"
EndProject
Project("{2150E333-8FDC-42A3-9474-1A3956D46DE8}") = "tcp", "tcp", "{16608C67-3E3E-4356-8AEB-C53D8B447DF2}"
	ProjectSection(SolutionItems) = preProject
		..\graph\lib\comm\network\ip\tcp\ServerClients.nspc = ..\graph\lib\comm\network\ip\tcp\ServerClients.nspc
	EndProjectSection
EndProject
Project("{2150E333-8FDC-42A3-9474-1A3956D46DE8}") = "http", "http", "{6F1AD522-CE38-40A5-84F1-E6CFE9923420}"
	ProjectSection(SolutionItems) = preProject
		..\graph\lib\comm\network\ip\tcp\http\browser.nspc = ..\graph\lib\comm\network\ip\tcp\http\browser.nspc
		..\graph\lib\comm\network\ip\tcp\http\client.nspc = ..\graph\lib\comm\network\ip\tcp\http\client.nspc
		..\graph\lib\comm\network\ip\tcp\http\fmthdr.nspc = ..\graph\lib\comm\network\ip\tcp\http\fmthdr.nspc
		..\graph\lib\comm\network\ip\tcp\http\fmtmthd.nspc = ..\graph\lib\comm\network\ip\tcp\http\fmtmthd.nspc
		..\graph\lib\comm\network\ip\tcp\http\fmtreq.nspc = ..\graph\lib\comm\network\ip\tcp\http\fmtreq.nspc
		..\graph\lib\comm\network\ip\tcp\http\format.nspc = ..\graph\lib\comm\network\ip\tcp\http\format.nspc
		..\graph\lib\comm\network\ip\tcp\http\reqstm.nspc = ..\graph\lib\comm\network\ip\tcp\http\reqstm.nspc
		..\graph\lib\comm\network\ip\tcp\http\server.nspc = ..\graph\lib\comm\network\ip\tcp\http\server.nspc
		..\graph\lib\comm\network\ip\tcp\http\stmrsp.nspc = ..\graph\lib\comm\network\ip\tcp\http\stmrsp.nspc
	EndProjectSection
EndProject
Project("{2150E333-8FDC-42A3-9474-1A3956D46DE8}") = "network", "network", "{DD34CE7A-E164-4E5E-87EF-BF8B44431AE0}"
EndProject
Project("{2150E333-8FDC-42A3-9474-1A3956D46DE8}") = "ip", "ip", "{F082C111-2D5D-4BC9-B57A-17D1F3C921CC}"
EndProject
Project("{2150E333-8FDC-42A3-9474-1A3956D46DE8}") = "tcp", "tcp", "{790404EC-635B-4797-8F52-F1D45345FE5A}"
EndProject
Project("{2150E333-8FDC-42A3-9474-1A3956D46DE8}") = "http", "http", "{5CFBA96B-9923-43AD-AEA6-3958D0D106BA}"
	ProjectSection(SolutionItems) = preProject
		..\graph\state\network\ip\tcp\http\browser.nspc = ..\graph\state\network\ip\tcp\http\browser.nspc
	EndProjectSection
EndProject
Project("{2150E333-8FDC-42A3-9474-1A3956D46DE8}") = "namespace", "namespace", "{10AC39FC-B398-48A3-9C9C-95A4E07D9A48}"
	ProjectSection(SolutionItems) = preProject
		..\graph\lib\namespace\client.nspc = ..\graph\lib\namespace\client.nspc
		..\graph\lib\namespace\service.nspc = ..\graph\lib\namespace\service.nspc
	EndProjectSection
EndProject
Project("{8BC9CEB8-8B4A-11D0-8D11-00A0C91BC942}") = "nsh.2015", "app\nsh\nsh.2015.vcxproj", "{14EDC47C-C44C-4821-B32D-DFC49FF00F67}"
EndProject
Project("{8BC9CEB8-8B4A-11D0-8D11-00A0C91BC942}") = "ccl.2015", "lib\ccl\ccl.2015.vcxproj", "{8D6E6DC8-BFC1-4D67-8B35-25A94C97BCEB}"
EndProject
Project("{8BC9CEB8-8B4A-11D0-8D11-00A0C91BC942}") = "iol.2015", "lib\iol\iol.2015.vcxproj", "{D46D1142-2F9F-4CAF-8764-F7D8BAE80FFD}"
EndProject
Project("{8BC9CEB8-8B4A-11D0-8D11-00A0C91BC942}") = "sysl.2015", "lib\sysl\sysl.2015.vcxproj", "{8532DEAA-56D3-4FF4-8FB8-664EFE6EEF83}"
EndProject
Project("{8BC9CEB8-8B4A-11D0-8D11-00A0C91BC942}") = "adtl.2015", "lib\adtl\adtl.2015.vcxproj", "{B8DE1218-452B-46CE-A380-4B11F3D8C1DA}"
EndProject
Project("{8BC9CEB8-8B4A-11D0-8D11-00A0C91BC942}") = "adtn.2015", "dll\adtn\adtn.2015.vcxproj", "{27D48BF6-EBC4-417B-9E4E-B7FA2F75D570}"
EndProject
Project("{8BC9CEB8-8B4A-11D0-8D11-00A0C91BC942}") = "ion.2015", "dll\ion\ion.2015.vcxproj", "{6222D284-3E51-4145-8FE1-4FE12C18029C}"
EndProject
Project("{8BC9CEB8-8B4A-11D0-8D11-00A0C91BC942}") = "mathn.2015", "dll\mathn\mathn.2015.vcxproj", "{7435F9F4-3EFE-42AA-9436-0E4D5229CD8D}"
EndProject
Project("{8BC9CEB8-8B4A-11D0-8D11-00A0C91BC942}") = "miscn.2015", "dll\miscn\miscn.2015.vcxproj", "{D3148DDA-8655-4779-B555-0707C04BDB2D}"
EndProject
Project("{8BC9CEB8-8B4A-11D0-8D11-00A0C91BC942}") = "netn.2015", "dll\netn\netn.2015.vcxproj", "{8B820B2B-829F-4C6D-8D16-FD867FA067EF}"
EndProject
Project("{8BC9CEB8-8B4A-11D0-8D11-00A0C91BC942}") = "nspcn.2015", "dll\nspcn\nspcn.2015.vcxproj", "{1F7F5996-F935-45D2-B4D5-E6E51BC465F7}"
EndProject
Project("{8BC9CEB8-8B4A-11D0-8D11-00A0C91BC942}") = "sysn.2015", "dll\sysn\sysn.2015.vcxproj", "{B3A74EA1-07FD-4E38-A10F-2D86CEDBB574}"
EndProject
Project("{8BC9CEB8-8B4A-11D0-8D11-00A0C91BC942}") = "usbn.2015", "dll\usbn\usbn.2015.vcxproj", "{3BCB9212-D047-4D43-91B6-ACC8EC9CB7D1}"
EndProject
Project("{8BC9CEB8-8B4A-11D0-8D11-00A0C91BC942}") = "wmin.2015", "dll\wmin\wmin.2015.vcxproj", "{64506169-1F9D-4679-B135-122B46F861EB}"
EndProject
Project("{8BC9CEB8-8B4A-11D0-8D11-00A0C91BC942}") = "mathl.2015", "lib\mathl\mathl.2015.vcxproj", "{47939C76-2E04-4023-ADAA-911E6240104B}"
EndProject
Project("{8BC9CEB8-8B4A-11D0-8D11-00A0C91BC942}") = "miscl.2015", "lib\miscl\miscl.2015.vcxproj", "{789616AD-B765-4211-9ACC-0CA60DEB4BD2}"
EndProject
Project("{8BC9CEB8-8B4A-11D0-8D11-00A0C91BC942}") = "netl.2015", "lib\netl\netl.2015.vcxproj", "{1DDE8A69-B646-4786-A636-6D840C603695}"
EndProject
Project("{8BC9CEB8-8B4A-11D0-8D11-00A0C91BC942}") = "nshl.2015", "lib\nshl\nshl.2015.vcxproj", "{A58C30ED-DB36-4390-BEEF-3F050BDD601E}"
EndProject
Project("{8BC9CEB8-8B4A-11D0-8D11-00A0C91BC942}") = "nshxl.2015", "lib\nshxl\nshxl.2015.vcxproj", "{8738FDAD-B4A1-48ED-B021-6FAAB9AB5072}"
EndProject
Project("{8BC9CEB8-8B4A-11D0-8D11-00A0C91BC942}") = "nspcl.2015", "lib\nspcl\nspcl.2015.vcxproj", "{422E909B-A304-47A3-A2E6-8959FF5BC156}"
EndProject
Project("{8BC9CEB8-8B4A-11D0-8D11-00A0C91BC942}") = "usbl.2015", "lib\usbl\usbl.2015.vcxproj", "{66F466A4-342A-48F4-B1A6-785C636457D1}"
EndProject
Project("{8BC9CEB8-8B4A-11D0-8D11-00A0C91BC942}") = "wmil.2015", "lib\wmil\wmil.2015.vcxproj", "{20A2401B-CB2F-4BC0-BD99-A742EE5ABF7B}"
EndProject
Project("{2150E333-8FDC-42A3-9474-1A3956D46DE8}") = "comm", "comm", "{BB56DF02-AE58-4038-BB0D-DAE32A42E33B}"
	ProjectSection(SolutionItems) = preProject
		..\graph\state\comm\device.nspc = ..\graph\state\comm\device.nspc
		..\graph\state\comm\transfer.nspc = ..\graph\state\comm\transfer.nspc
	EndProjectSection
EndProject
Project("{2150E333-8FDC-42A3-9474-1A3956D46DE8}") = "usb", "usb", "{4A25F3BD-4696-4D2D-8AD3-5FC86FCF4C36}"
	ProjectSection(SolutionItems) = preProject
		..\graph\state\comm\usb\device.nspc = ..\graph\state\comm\usb\device.nspc
		..\graph\state\comm\usb\setup.nspc = ..\graph\state\comm\usb\setup.nspc
	EndProjectSection
EndProject
Project("{2150E333-8FDC-42A3-9474-1A3956D46DE8}") = "driver", "driver", "{FF374AE5-D75B-46F6-A439-EFC0BAEAB103}"
EndProject
Project("{2150E333-8FDC-42A3-9474-1A3956D46DE8}") = "device", "device", "{CB135757-4130-44DC-A10D-7566F0B9AD6C}"
EndProject
Project("{2150E333-8FDC-42A3-9474-1A3956D46DE8}") = "flycapture", "flycapture", "{A6E11ED7-0BBC-45F6-91EC-29C3598E0D0B}"
	ProjectSection(SolutionItems) = preProject
		..\graph\state\driver\device\flycapture\state.nspc = ..\graph\state\driver\device\flycapture\state.nspc
	EndProjectSection
EndProject
Project("{2150E333-8FDC-42A3-9474-1A3956D46DE8}") = "interface", "interface", "{F75749BF-5C55-4DB8-BDEF-374D3686B20C}"
	ProjectSection(SolutionItems) = preProject
		..\graph\state\interface\button.nspc = ..\graph\state\interface\button.nspc
		..\graph\state\interface\dict.nspc = ..\graph\state\interface\dict.nspc
		..\graph\state\interface\edit.nspc = ..\graph\state\interface\edit.nspc
		..\graph\state\interface\element.nspc = ..\graph\state\interface\element.nspc
		..\graph\state\interface\image.nspc = ..\graph\state\interface\image.nspc
		..\graph\state\interface\label.nspc = ..\graph\state\interface\label.nspc
		..\graph\state\interface\list.nspc = ..\graph\state\interface\list.nspc
		..\graph\state\interface\value.nspc = ..\graph\state\interface\value.nspc
	EndProjectSection
EndProject
Project("{2150E333-8FDC-42A3-9474-1A3956D46DE8}") = "visual", "visual", "{1E75DF97-E505-48FA-B6BA-416097A4BEE2}"
	ProjectSection(SolutionItems) = preProject
		..\graph\state\visual\button.nspc = ..\graph\state\visual\button.nspc
		..\graph\state\visual\edit.nspc = ..\graph\state\visual\edit.nspc
		..\graph\state\visual\element.nspc = ..\graph\state\visual\element.nspc
		..\graph\state\visual\image.nspc = ..\graph\state\visual\image.nspc
		..\graph\state\visual\label.nspc = ..\graph\state\visual\label.nspc
		..\graph\state\visual\list.nspc = ..\graph\state\visual\list.nspc
		..\graph\state\visual\shape.nspc = ..\graph\state\visual\shape.nspc
	EndProjectSection
EndProject
Project("{2150E333-8FDC-42A3-9474-1A3956D46DE8}") = "connect", "connect", "{4DE33B95-B6D3-47AE-99D3-1C8C77100D56}"
	ProjectSection(SolutionItems) = preProject
		..\graph\lib\namespace\connect\inst.nspc = ..\graph\lib\namespace\connect\inst.nspc
		..\graph\lib\namespace\connect\tcp.nspc = ..\graph\lib\namespace\connect\tcp.nspc
	EndProjectSection
EndProject
Project("{2150E333-8FDC-42A3-9474-1A3956D46DE8}") = "discover", "discover", "{63A95A69-4970-4BB7-A49E-F73445CDFBEB}"
	ProjectSection(SolutionItems) = preProject
		..\graph\lib\namespace\discover\udpm.nspc = ..\graph\lib\namespace\discover\udpm.nspc
	EndProjectSection
EndProject
Project("{2150E333-8FDC-42A3-9474-1A3956D46DE8}") = "locate", "locate", "{76182E65-4E95-4ACC-97C1-6246820732C4}"
	ProjectSection(SolutionItems) = preProject
		..\graph\lib\namespace\locate\inst.nspc = ..\graph\lib\namespace\locate\inst.nspc
		..\graph\lib\namespace\locate\udpm.nspc = ..\graph\lib\namespace\locate\udpm.nspc
	EndProjectSection
EndProject
Project("{2150E333-8FDC-42A3-9474-1A3956D46DE8}") = "portal", "portal", "{6247C9CE-62BD-4306-AD5E-D86377F991FC}"
	ProjectSection(SolutionItems) = preProject
		..\graph\lib\namespace\portal\conn.nspc = ..\graph\lib\namespace\portal\conn.nspc
		..\graph\lib\namespace\portal\inst.nspc = ..\graph\lib\namespace\portal\inst.nspc
	EndProjectSection
EndProject
Project("{2150E333-8FDC-42A3-9474-1A3956D46DE8}") = "ext", "ext", "{BF214040-A370-4A9E-9A33-95D5AB5ECA2F}"
EndProject
Project("{8BC9CEB8-8B4A-11D0-8D11-00A0C91BC942}") = "libpng.2015", "lib\ext\libpng-1.2.7\libpng.2015.vcxproj", "{58CCE292-A622-4483-A310-8022215D158C}"
EndProject
Project("{8BC9CEB8-8B4A-11D0-8D11-00A0C91BC942}") = "libtiff.2015", "lib\ext\libtiff\libtiff.2015.vcxproj", "{EA960234-7A49-4F69-A725-65EDCA57F825}"
EndProject
Project("{8BC9CEB8-8B4A-11D0-8D11-00A0C91BC942}") = "zlib.2015", "lib\ext\zlib\zlib.2015.vcxproj", "{DE2F0159-E927-490E-8BD4-7182CFF70EBD}"
EndProject
Project("{8BC9CEB8-8B4A-11D0-8D11-00A0C91BC942}") = "imagel.2015", "lib\imagel\imagel.2015.vcxproj", "{44D3BD75-4549-420C-8B48-D243C02F8AB8}"
EndProject
Project("{8BC9CEB8-8B4A-11D0-8D11-00A0C91BC942}") = "imagen.2015", "dll\imagen\imagen.2015.vcxproj", "{ADE2F4F2-AAE1-4CEC-A132-70C791263D9C}"
EndProject
Project("{8BC9CEB8-8B4A-11D0-8D11-00A0C91BC942}") = "widgetl.2015", "lib\widgetl\widgetl.2015.vcxproj", "{A20E9715-D1CE-4540-A3C5-271CE8E02E9A}"
EndProject
Project("{8BC9CEB8-8B4A-11D0-8D11-00A0C91BC942}") = "widgetn.2015", "dll\widgetn\widgetn.2015.vcxproj", "{EC41AE88-C0A6-40D0-980F-9C43E66ACEA1}"
EndProject
Project("{8BC9CEB8-8B4A-11D0-8D11-00A0C91BC942}") = "sqll.2015", "lib\sqll\sqll.2015.vcxproj", "{9E63C94E-CD1F-4463-ADD1-9E0863367117}"
EndProject
Project("{8BC9CEB8-8B4A-11D0-8D11-00A0C91BC942}") = "sqln.2015", "dll\sqln\sqln.2015.vcxproj", "{FA9D672F-ED44-497D-BAAC-108BFCA0DD08}"
EndProject
Project("{2150E333-8FDC-42A3-9474-1A3956D46DE8}") = "math", "math", "{2EA99CC7-9341-4268-A12D-CDE8D8268E79}"
	ProjectSection(SolutionItems) = preProject
		..\graph\state\math\transform3.nspc = ..\graph\state\math\transform3.nspc
		..\graph\state\math\tuple3.nspc = ..\graph\state\math\tuple3.nspc
	EndProjectSection
EndProject
Project("{8BC9CEB8-8B4A-11D0-8D11-00A0C91BC942}") = "plotl.2015", "lib\plotl\plotl.2015.vcxproj", "{98FC8B7C-4110-495A-BF80-F3502D670F90}"
EndProject
Project("{8BC9CEB8-8B4A-11D0-8D11-00A0C91BC942}") = "plotn.2015", "dll\plotn\plotn.2015.vcxproj", "{CDB92F04-527F-47D6-8339-3E457F5FA17F}"
EndProject
Project("{2150E333-8FDC-42A3-9474-1A3956D46DE8}") = "ext", "ext", "{B9187F45-DF26-41E6-B33B-6A1F9D01AE18}"
EndProject
Project("{8BC9CEB8-8B4A-11D0-8D11-00A0C91BC942}") = "mod_nspace", "dll\ext\mod_nspace\mod_nspace.vcxproj", "{18CB1363-F002-4B15-8F7F-F00E280DD92E}"
EndProject
Global
	GlobalSection(SolutionConfigurationPlatforms) = preSolution
		Debug|Win32 = Debug|Win32
		Debug|x64 = Debug|x64
		Release|Win32 = Release|Win32
		Release|x64 = Release|x64
	EndGlobalSection
	GlobalSection(ProjectConfigurationPlatforms) = postSolution
		{14EDC47C-C44C-4821-B32D-DFC49FF00F67}.Debug|Win32.ActiveCfg = Debug|Win32
		{14EDC47C-C44C-4821-B32D-DFC49FF00F67}.Debug|Win32.Build.0 = Debug|Win32
		{14EDC47C-C44C-4821-B32D-DFC49FF00F67}.Debug|x64.ActiveCfg = Debug|x64
		{14EDC47C-C44C-4821-B32D-DFC49FF00F67}.Debug|x64.Build.0 = Debug|x64
		{14EDC47C-C44C-4821-B32D-DFC49FF00F67}.Release|Win32.ActiveCfg = Release|Win32
		{14EDC47C-C44C-4821-B32D-DFC49FF00F67}.Release|Win32.Build.0 = Release|Win32
		{14EDC47C-C44C-4821-B32D-DFC49FF00F67}.Release|x64.ActiveCfg = Release|x64
		{14EDC47C-C44C-4821-B32D-DFC49FF00F67}.Release|x64.Build.0 = Release|x64
		{8D6E6DC8-BFC1-4D67-8B35-25A94C97BCEB}.Debug|Win32.ActiveCfg = Debug|Win32
		{8D6E6DC8-BFC1-4D67-8B35-25A94C97BCEB}.Debug|Win32.Build.0 = Debug|Win32
		{8D6E6DC8-BFC1-4D67-8B35-25A94C97BCEB}.Debug|x64.ActiveCfg = Debug|x64
		{8D6E6DC8-BFC1-4D67-8B35-25A94C97BCEB}.Debug|x64.Build.0 = Debug|x64
		{8D6E6DC8-BFC1-4D67-8B35-25A94C97BCEB}.Release|Win32.ActiveCfg = Release|Win32
		{8D6E6DC8-BFC1-4D67-8B35-25A94C97BCEB}.Release|Win32.Build.0 = Release|Win32
		{8D6E6DC8-BFC1-4D67-8B35-25A94C97BCEB}.Release|x64.ActiveCfg = Release|x64
		{8D6E6DC8-BFC1-4D67-8B35-25A94C97BCEB}.Release|x64.Build.0 = Release|x64
		{D46D1142-2F9F-4CAF-8764-F7D8BAE80FFD}.Debug|Win32.ActiveCfg = Debug|Win32
		{D46D1142-2F9F-4CAF-8764-F7D8BAE80FFD}.Debug|Win32.Build.0 = Debug|Win32
		{D46D1142-2F9F-4CAF-8764-F7D8BAE80FFD}.Debug|x64.ActiveCfg = Debug|x64
		{D46D1142-2F9F-4CAF-8764-F7D8BAE80FFD}.Debug|x64.Build.0 = Debug|x64
		{D46D1142-2F9F-4CAF-8764-F7D8BAE80FFD}.Release|Win32.ActiveCfg = Release|Win32
		{D46D1142-2F9F-4CAF-8764-F7D8BAE80FFD}.Release|Win32.Build.0 = Release|Win32
		{D46D1142-2F9F-4CAF-8764-F7D8BAE80FFD}.Release|x64.ActiveCfg = Release|x64
		{D46D1142-2F9F-4CAF-8764-F7D8BAE80FFD}.Release|x64.Build.0 = Release|x64
		{8532DEAA-56D3-4FF4-8FB8-664EFE6EEF83}.Debug|Win32.ActiveCfg = Debug|Win32
		{8532DEAA-56D3-4FF4-8FB8-664EFE6EEF83}.Debug|Win32.Build.0 = Debug|Win32
		{8532DEAA-56D3-4FF4-8FB8-664EFE6EEF83}.Debug|x64.ActiveCfg = Debug|x64
		{8532DEAA-56D3-4FF4-8FB8-664EFE6EEF83}.Debug|x64.Build.0 = Debug|x64
		{8532DEAA-56D3-4FF4-8FB8-664EFE6EEF83}.Release|Win32.ActiveCfg = Release|Win32
		{8532DEAA-56D3-4FF4-8FB8-664EFE6EEF83}.Release|Win32.Build.0 = Release|Win32
		{8532DEAA-56D3-4FF4-8FB8-664EFE6EEF83}.Release|x64.ActiveCfg = Release|x64
		{8532DEAA-56D3-4FF4-8FB8-664EFE6EEF83}.Release|x64.Build.0 = Release|x64
		{B8DE1218-452B-46CE-A380-4B11F3D8C1DA}.Debug|Win32.ActiveCfg = Debug|Win32
		{B8DE1218-452B-46CE-A380-4B11F3D8C1DA}.Debug|Win32.Build.0 = Debug|Win32
		{B8DE1218-452B-46CE-A380-4B11F3D8C1DA}.Debug|x64.ActiveCfg = Debug|x64
		{B8DE1218-452B-46CE-A380-4B11F3D8C1DA}.Debug|x64.Build.0 = Debug|x64
		{B8DE1218-452B-46CE-A380-4B11F3D8C1DA}.Release|Win32.ActiveCfg = Release|Win32
		{B8DE1218-452B-46CE-A380-4B11F3D8C1DA}.Release|Win32.Build.0 = Release|Win32
		{B8DE1218-452B-46CE-A380-4B11F3D8C1DA}.Release|x64.ActiveCfg = Release|x64
		{B8DE1218-452B-46CE-A380-4B11F3D8C1DA}.Release|x64.Build.0 = Release|x64
		{27D48BF6-EBC4-417B-9E4E-B7FA2F75D570}.Debug|Win32.ActiveCfg = Debug|Win32
		{27D48BF6-EBC4-417B-9E4E-B7FA2F75D570}.Debug|Win32.Build.0 = Debug|Win32
		{27D48BF6-EBC4-417B-9E4E-B7FA2F75D570}.Debug|x64.ActiveCfg = Debug|x64
		{27D48BF6-EBC4-417B-9E4E-B7FA2F75D570}.Debug|x64.Build.0 = Debug|x64
		{27D48BF6-EBC4-417B-9E4E-B7FA2F75D570}.Release|Win32.ActiveCfg = Release|Win32
		{27D48BF6-EBC4-417B-9E4E-B7FA2F75D570}.Release|Win32.Build.0 = Release|Win32
		{27D48BF6-EBC4-417B-9E4E-B7FA2F75D570}.Release|x64.ActiveCfg = Release|x64
		{27D48BF6-EBC4-417B-9E4E-B7FA2F75D570}.Release|x64.Build.0 = Release|x64
		{6222D284-3E51-4145-8FE1-4FE12C18029C}.Debug|Win32.ActiveCfg = Debug|Win32
		{6222D284-3E51-4145-8FE1-4FE12C18029C}.Debug|Win32.Build.0 = Debug|Win32
		{6222D284-3E51-4145-8FE1-4FE12C18029C}.Debug|x64.ActiveCfg = Debug|x64
		{6222D284-3E51-4145-8FE1-4FE12C18029C}.Debug|x64.Build.0 = Debug|x64
		{6222D284-3E51-4145-8FE1-4FE12C18029C}.Release|Win32.ActiveCfg = Release|Win32
		{6222D284-3E51-4145-8FE1-4FE12C18029C}.Release|Win32.Build.0 = Release|Win32
		{6222D284-3E51-4145-8FE1-4FE12C18029C}.Release|x64.ActiveCfg = Release|x64
		{6222D284-3E51-4145-8FE1-4FE12C18029C}.Release|x64.Build.0 = Release|x64
		{7435F9F4-3EFE-42AA-9436-0E4D5229CD8D}.Debug|Win32.ActiveCfg = Debug|Win32
		{7435F9F4-3EFE-42AA-9436-0E4D5229CD8D}.Debug|Win32.Build.0 = Debug|Win32
		{7435F9F4-3EFE-42AA-9436-0E4D5229CD8D}.Debug|x64.ActiveCfg = Debug|x64
		{7435F9F4-3EFE-42AA-9436-0E4D5229CD8D}.Debug|x64.Build.0 = Debug|x64
		{7435F9F4-3EFE-42AA-9436-0E4D5229CD8D}.Release|Win32.ActiveCfg = Release|Win32
		{7435F9F4-3EFE-42AA-9436-0E4D5229CD8D}.Release|Win32.Build.0 = Release|Win32
		{7435F9F4-3EFE-42AA-9436-0E4D5229CD8D}.Release|x64.ActiveCfg = Release|x64
		{7435F9F4-3EFE-42AA-9436-0E4D5229CD8D}.Release|x64.Build.0 = Release|x64
		{D3148DDA-8655-4779-B555-0707C04BDB2D}.Debug|Win32.ActiveCfg = Debug|Win32
		{D3148DDA-8655-4779-B555-0707C04BDB2D}.Debug|Win32.Build.0 = Debug|Win32
		{D3148DDA-8655-4779-B555-0707C04BDB2D}.Debug|x64.ActiveCfg = Debug|x64
		{D3148DDA-8655-4779-B555-0707C04BDB2D}.Debug|x64.Build.0 = Debug|x64
		{D3148DDA-8655-4779-B555-0707C04BDB2D}.Release|Win32.ActiveCfg = Release|Win32
		{D3148DDA-8655-4779-B555-0707C04BDB2D}.Release|Win32.Build.0 = Release|Win32
		{D3148DDA-8655-4779-B555-0707C04BDB2D}.Release|x64.ActiveCfg = Release|x64
		{D3148DDA-8655-4779-B555-0707C04BDB2D}.Release|x64.Build.0 = Release|x64
		{8B820B2B-829F-4C6D-8D16-FD867FA067EF}.Debug|Win32.ActiveCfg = Debug|Win32
		{8B820B2B-829F-4C6D-8D16-FD867FA067EF}.Debug|Win32.Build.0 = Debug|Win32
		{8B820B2B-829F-4C6D-8D16-FD867FA067EF}.Debug|x64.ActiveCfg = Debug|x64
		{8B820B2B-829F-4C6D-8D16-FD867FA067EF}.Debug|x64.Build.0 = Debug|x64
		{8B820B2B-829F-4C6D-8D16-FD867FA067EF}.Release|Win32.ActiveCfg = Release|Win32
		{8B820B2B-829F-4C6D-8D16-FD867FA067EF}.Release|Win32.Build.0 = Release|Win32
		{8B820B2B-829F-4C6D-8D16-FD867FA067EF}.Release|x64.ActiveCfg = Release|x64
		{8B820B2B-829F-4C6D-8D16-FD867FA067EF}.Release|x64.Build.0 = Release|x64
		{1F7F5996-F935-45D2-B4D5-E6E51BC465F7}.Debug|Win32.ActiveCfg = Debug|Win32
		{1F7F5996-F935-45D2-B4D5-E6E51BC465F7}.Debug|Win32.Build.0 = Debug|Win32
		{1F7F5996-F935-45D2-B4D5-E6E51BC465F7}.Debug|x64.ActiveCfg = Debug|x64
		{1F7F5996-F935-45D2-B4D5-E6E51BC465F7}.Debug|x64.Build.0 = Debug|x64
		{1F7F5996-F935-45D2-B4D5-E6E51BC465F7}.Release|Win32.ActiveCfg = Release|Win32
		{1F7F5996-F935-45D2-B4D5-E6E51BC465F7}.Release|Win32.Build.0 = Release|Win32
		{1F7F5996-F935-45D2-B4D5-E6E51BC465F7}.Release|x64.ActiveCfg = Release|x64
		{1F7F5996-F935-45D2-B4D5-E6E51BC465F7}.Release|x64.Build.0 = Release|x64
		{B3A74EA1-07FD-4E38-A10F-2D86CEDBB574}.Debug|Win32.ActiveCfg = Debug|Win32
		{B3A74EA1-07FD-4E38-A10F-2D86CEDBB574}.Debug|Win32.Build.0 = Debug|Win32
		{B3A74EA1-07FD-4E38-A10F-2D86CEDBB574}.Debug|x64.ActiveCfg = Debug|x64
		{B3A74EA1-07FD-4E38-A10F-2D86CEDBB574}.Debug|x64.Build.0 = Debug|x64
		{B3A74EA1-07FD-4E38-A10F-2D86CEDBB574}.Release|Win32.ActiveCfg = Release|Win32
		{B3A74EA1-07FD-4E38-A10F-2D86CEDBB574}.Release|Win32.Build.0 = Release|Win32
		{B3A74EA1-07FD-4E38-A10F-2D86CEDBB574}.Release|x64.ActiveCfg = Release|x64
		{B3A74EA1-07FD-4E38-A10F-2D86CEDBB574}.Release|x64.Build.0 = Release|x64
		{3BCB9212-D047-4D43-91B6-ACC8EC9CB7D1}.Debug|Win32.ActiveCfg = Debug|Win32
		{3BCB9212-D047-4D43-91B6-ACC8EC9CB7D1}.Debug|Win32.Build.0 = Debug|Win32
		{3BCB9212-D047-4D43-91B6-ACC8EC9CB7D1}.Debug|x64.ActiveCfg = Debug|x64
		{3BCB9212-D047-4D43-91B6-ACC8EC9CB7D1}.Debug|x64.Build.0 = Debug|x64
		{3BCB9212-D047-4D43-91B6-ACC8EC9CB7D1}.Release|Win32.ActiveCfg = Release|Win32
		{3BCB9212-D047-4D43-91B6-ACC8EC9CB7D1}.Release|Win32.Build.0 = Release|Win32
		{3BCB9212-D047-4D43-91B6-ACC8EC9CB7D1}.Release|x64.ActiveCfg = Release|x64
		{3BCB9212-D047-4D43-91B6-ACC8EC9CB7D1}.Release|x64.Build.0 = Release|x64
		{64506169-1F9D-4679-B135-122B46F861EB}.Debug|Win32.ActiveCfg = Debug|Win32
		{64506169-1F9D-4679-B135-122B46F861EB}.Debug|Win32.Build.0 = Debug|Win32
		{64506169-1F9D-4679-B135-122B46F861EB}.Debug|x64.ActiveCfg = Debug|x64
		{64506169-1F9D-4679-B135-122B46F861EB}.Debug|x64.Build.0 = Debug|x64
		{64506169-1F9D-4679-B135-122B46F861EB}.Release|Win32.ActiveCfg = Release|Win32
		{64506169-1F9D-4679-B135-122B46F861EB}.Release|Win32.Build.0 = Release|Win32
		{64506169-1F9D-4679-B135-122B46F861EB}.Release|x64.ActiveCfg = Release|x64
		{64506169-1F9D-4679-B135-122B46F861EB}.Release|x64.Build.0 = Release|x64
		{47939C76-2E04-4023-ADAA-911E6240104B}.Debug|Win32.ActiveCfg = Debug|Win32
		{47939C76-2E04-4023-ADAA-911E6240104B}.Debug|Win32.Build.0 = Debug|Win32
		{47939C76-2E04-4023-ADAA-911E6240104B}.Debug|x64.ActiveCfg = Debug|x64
		{47939C76-2E04-4023-ADAA-911E6240104B}.Debug|x64.Build.0 = Debug|x64
		{47939C76-2E04-4023-ADAA-911E6240104B}.Release|Win32.ActiveCfg = Release|Win32
		{47939C76-2E04-4023-ADAA-911E6240104B}.Release|Win32.Build.0 = Release|Win32
		{47939C76-2E04-4023-ADAA-911E6240104B}.Release|x64.ActiveCfg = Release|x64
		{47939C76-2E04-4023-ADAA-911E6240104B}.Release|x64.Build.0 = Release|x64
		{789616AD-B765-4211-9ACC-0CA60DEB4BD2}.Debug|Win32.ActiveCfg = Debug|Win32
		{789616AD-B765-4211-9ACC-0CA60DEB4BD2}.Debug|Win32.Build.0 = Debug|Win32
		{789616AD-B765-4211-9ACC-0CA60DEB4BD2}.Debug|x64.ActiveCfg = Debug|x64
		{789616AD-B765-4211-9ACC-0CA60DEB4BD2}.Debug|x64.Build.0 = Debug|x64
		{789616AD-B765-4211-9ACC-0CA60DEB4BD2}.Release|Win32.ActiveCfg = Release|Win32
		{789616AD-B765-4211-9ACC-0CA60DEB4BD2}.Release|Win32.Build.0 = Release|Win32
		{789616AD-B765-4211-9ACC-0CA60DEB4BD2}.Release|x64.ActiveCfg = Release|x64
		{789616AD-B765-4211-9ACC-0CA60DEB4BD2}.Release|x64.Build.0 = Release|x64
		{1DDE8A69-B646-4786-A636-6D840C603695}.Debug|Win32.ActiveCfg = Debug|Win32
		{1DDE8A69-B646-4786-A636-6D840C603695}.Debug|Win32.Build.0 = Debug|Win32
		{1DDE8A69-B646-4786-A636-6D840C603695}.Debug|x64.ActiveCfg = Debug|x64
		{1DDE8A69-B646-4786-A636-6D840C603695}.Debug|x64.Build.0 = Debug|x64
		{1DDE8A69-B646-4786-A636-6D840C603695}.Release|Win32.ActiveCfg = Release|Win32
		{1DDE8A69-B646-4786-A636-6D840C603695}.Release|Win32.Build.0 = Release|Win32
		{1DDE8A69-B646-4786-A636-6D840C603695}.Release|x64.ActiveCfg = Release|x64
		{1DDE8A69-B646-4786-A636-6D840C603695}.Release|x64.Build.0 = Release|x64
		{A58C30ED-DB36-4390-BEEF-3F050BDD601E}.Debug|Win32.ActiveCfg = Debug|Win32
		{A58C30ED-DB36-4390-BEEF-3F050BDD601E}.Debug|Win32.Build.0 = Debug|Win32
		{A58C30ED-DB36-4390-BEEF-3F050BDD601E}.Debug|x64.ActiveCfg = Debug|x64
		{A58C30ED-DB36-4390-BEEF-3F050BDD601E}.Debug|x64.Build.0 = Debug|x64
		{A58C30ED-DB36-4390-BEEF-3F050BDD601E}.Release|Win32.ActiveCfg = Release|Win32
		{A58C30ED-DB36-4390-BEEF-3F050BDD601E}.Release|Win32.Build.0 = Release|Win32
		{A58C30ED-DB36-4390-BEEF-3F050BDD601E}.Release|x64.ActiveCfg = Release|x64
		{A58C30ED-DB36-4390-BEEF-3F050BDD601E}.Release|x64.Build.0 = Release|x64
		{8738FDAD-B4A1-48ED-B021-6FAAB9AB5072}.Debug|Win32.ActiveCfg = Debug|Win32
		{8738FDAD-B4A1-48ED-B021-6FAAB9AB5072}.Debug|Win32.Build.0 = Debug|Win32
		{8738FDAD-B4A1-48ED-B021-6FAAB9AB5072}.Debug|x64.ActiveCfg = Debug|x64
		{8738FDAD-B4A1-48ED-B021-6FAAB9AB5072}.Debug|x64.Build.0 = Debug|x64
		{8738FDAD-B4A1-48ED-B021-6FAAB9AB5072}.Release|Win32.ActiveCfg = Release|Win32
		{8738FDAD-B4A1-48ED-B021-6FAAB9AB5072}.Release|Win32.Build.0 = Release|Win32
		{8738FDAD-B4A1-48ED-B021-6FAAB9AB5072}.Release|x64.ActiveCfg = Release|x64
		{8738FDAD-B4A1-48ED-B021-6FAAB9AB5072}.Release|x64.Build.0 = Release|x64
		{422E909B-A304-47A3-A2E6-8959FF5BC156}.Debug|Win32.ActiveCfg = Debug|Win32
		{422E909B-A304-47A3-A2E6-8959FF5BC156}.Debug|Win32.Build.0 = Debug|Win32
		{422E909B-A304-47A3-A2E6-8959FF5BC156}.Debug|x64.ActiveCfg = Debug|x64
		{422E909B-A304-47A3-A2E6-8959FF5BC156}.Debug|x64.Build.0 = Debug|x64
		{422E909B-A304-47A3-A2E6-8959FF5BC156}.Release|Win32.ActiveCfg = Release|Win32
		{422E909B-A304-47A3-A2E6-8959FF5BC156}.Release|Win32.Build.0 = Release|Win32
		{422E909B-A304-47A3-A2E6-8959FF5BC156}.Release|x64.ActiveCfg = Release|x64
		{422E909B-A304-47A3-A2E6-8959FF5BC156}.Release|x64.Build.0 = Release|x64
		{66F466A4-342A-48F4-B1A6-785C636457D1}.Debug|Win32.ActiveCfg = Debug|Win32
		{66F466A4-342A-48F4-B1A6-785C636457D1}.Debug|Win32.Build.0 = Debug|Win32
		{66F466A4-342A-48F4-B1A6-785C636457D1}.Debug|x64.ActiveCfg = Debug|x64
		{66F466A4-342A-48F4-B1A6-785C636457D1}.Debug|x64.Build.0 = Debug|x64
		{66F466A4-342A-48F4-B1A6-785C636457D1}.Release|Win32.ActiveCfg = Release|Win32
		{66F466A4-342A-48F4-B1A6-785C636457D1}.Release|Win32.Build.0 = Release|Win32
		{66F466A4-342A-48F4-B1A6-785C636457D1}.Release|x64.ActiveCfg = Release|x64
		{66F466A4-342A-48F4-B1A6-785C636457D1}.Release|x64.Build.0 = Release|x64
		{20A2401B-CB2F-4BC0-BD99-A742EE5ABF7B}.Debug|Win32.ActiveCfg = Debug|Win32
		{20A2401B-CB2F-4BC0-BD99-A742EE5ABF7B}.Debug|Win32.Build.0 = Debug|Win32
		{20A2401B-CB2F-4BC0-BD99-A742EE5ABF7B}.Debug|x64.ActiveCfg = Debug|x64
		{20A2401B-CB2F-4BC0-BD99-A742EE5ABF7B}.Debug|x64.Build.0 = Debug|x64
		{20A2401B-CB2F-4BC0-BD99-A742EE5ABF7B}.Release|Win32.ActiveCfg = Release|Win32
		{20A2401B-CB2F-4BC0-BD99-A742EE5ABF7B}.Release|Win32.Build.0 = Release|Win32
		{20A2401B-CB2F-4BC0-BD99-A742EE5ABF7B}.Release|x64.ActiveCfg = Release|x64
		{20A2401B-CB2F-4BC0-BD99-A742EE5ABF7B}.Release|x64.Build.0 = Release|x64
		{58CCE292-A622-4483-A310-8022215D158C}.Debug|Win32.ActiveCfg = Debug|Win32
		{58CCE292-A622-4483-A310-8022215D158C}.Debug|Win32.Build.0 = Debug|Win32
		{58CCE292-A622-4483-A310-8022215D158C}.Debug|x64.ActiveCfg = Debug|x64
		{58CCE292-A622-4483-A310-8022215D158C}.Debug|x64.Build.0 = Debug|x64
		{58CCE292-A622-4483-A310-8022215D158C}.Release|Win32.ActiveCfg = Release|Win32
		{58CCE292-A622-4483-A310-8022215D158C}.Release|Win32.Build.0 = Release|Win32
		{58CCE292-A622-4483-A310-8022215D158C}.Release|x64.ActiveCfg = Release|x64
		{58CCE292-A622-4483-A310-8022215D158C}.Release|x64.Build.0 = Release|x64
		{EA960234-7A49-4F69-A725-65EDCA57F825}.Debug|Win32.ActiveCfg = Debug|Win32
		{EA960234-7A49-4F69-A725-65EDCA57F825}.Debug|Win32.Build.0 = Debug|Win32
		{EA960234-7A49-4F69-A725-65EDCA57F825}.Debug|x64.ActiveCfg = Debug|x64
		{EA960234-7A49-4F69-A725-65EDCA57F825}.Debug|x64.Build.0 = Debug|x64
		{EA960234-7A49-4F69-A725-65EDCA57F825}.Release|Win32.ActiveCfg = Release|Win32
		{EA960234-7A49-4F69-A725-65EDCA57F825}.Release|Win32.Build.0 = Release|Win32
		{EA960234-7A49-4F69-A725-65EDCA57F825}.Release|x64.ActiveCfg = Release|x64
		{EA960234-7A49-4F69-A725-65EDCA57F825}.Release|x64.Build.0 = Release|x64
		{DE2F0159-E927-490E-8BD4-7182CFF70EBD}.Debug|Win32.ActiveCfg = Debug|Win32
		{DE2F0159-E927-490E-8BD4-7182CFF70EBD}.Debug|Win32.Build.0 = Debug|Win32
		{DE2F0159-E927-490E-8BD4-7182CFF70EBD}.Debug|x64.ActiveCfg = Debug|x64
		{DE2F0159-E927-490E-8BD4-7182CFF70EBD}.Debug|x64.Build.0 = Debug|x64
		{DE2F0159-E927-490E-8BD4-7182CFF70EBD}.Release|Win32.ActiveCfg = Release|Win32
		{DE2F0159-E927-490E-8BD4-7182CFF70EBD}.Release|Win32.Build.0 = Release|Win32
		{DE2F0159-E927-490E-8BD4-7182CFF70EBD}.Release|x64.ActiveCfg = Release|x64
		{DE2F0159-E927-490E-8BD4-7182CFF70EBD}.Release|x64.Build.0 = Release|x64
		{44D3BD75-4549-420C-8B48-D243C02F8AB8}.Debug|Win32.ActiveCfg = Debug|Win32
		{44D3BD75-4549-420C-8B48-D243C02F8AB8}.Debug|Win32.Build.0 = Debug|Win32
		{44D3BD75-4549-420C-8B48-D243C02F8AB8}.Debug|x64.ActiveCfg = Debug|x64
		{44D3BD75-4549-420C-8B48-D243C02F8AB8}.Debug|x64.Build.0 = Debug|x64
		{44D3BD75-4549-420C-8B48-D243C02F8AB8}.Release|Win32.ActiveCfg = Release|Win32
		{44D3BD75-4549-420C-8B48-D243C02F8AB8}.Release|Win32.Build.0 = Release|Win32
		{44D3BD75-4549-420C-8B48-D243C02F8AB8}.Release|x64.ActiveCfg = Release|x64
		{44D3BD75-4549-420C-8B48-D243C02F8AB8}.Release|x64.Build.0 = Release|x64
		{ADE2F4F2-AAE1-4CEC-A132-70C791263D9C}.Debug|Win32.ActiveCfg = Debug|Win32
		{ADE2F4F2-AAE1-4CEC-A132-70C791263D9C}.Debug|Win32.Build.0 = Debug|Win32
		{ADE2F4F2-AAE1-4CEC-A132-70C791263D9C}.Debug|x64.ActiveCfg = Debug|x64
		{ADE2F4F2-AAE1-4CEC-A132-70C791263D9C}.Debug|x64.Build.0 = Debug|x64
		{ADE2F4F2-AAE1-4CEC-A132-70C791263D9C}.Release|Win32.ActiveCfg = Release|Win32
		{ADE2F4F2-AAE1-4CEC-A132-70C791263D9C}.Release|Win32.Build.0 = Release|Win32
		{ADE2F4F2-AAE1-4CEC-A132-70C791263D9C}.Release|x64.ActiveCfg = Release|x64
		{ADE2F4F2-AAE1-4CEC-A132-70C791263D9C}.Release|x64.Build.0 = Release|x64
		{A20E9715-D1CE-4540-A3C5-271CE8E02E9A}.Debug|Win32.ActiveCfg = Debug|Win32
		{A20E9715-D1CE-4540-A3C5-271CE8E02E9A}.Debug|Win32.Build.0 = Debug|Win32
		{A20E9715-D1CE-4540-A3C5-271CE8E02E9A}.Debug|x64.ActiveCfg = Debug|x64
		{A20E9715-D1CE-4540-A3C5-271CE8E02E9A}.Debug|x64.Build.0 = Debug|x64
		{A20E9715-D1CE-4540-A3C5-271CE8E02E9A}.Release|Win32.ActiveCfg = Release|Win32
		{A20E9715-D1CE-4540-A3C5-271CE8E02E9A}.Release|Win32.Build.0 = Release|Win32
		{A20E9715-D1CE-4540-A3C5-271CE8E02E9A}.Release|x64.ActiveCfg = Release|x64
		{A20E9715-D1CE-4540-A3C5-271CE8E02E9A}.Release|x64.Build.0 = Release|x64
		{EC41AE88-C0A6-40D0-980F-9C43E66ACEA1}.Debug|Win32.ActiveCfg = Debug|Win32
		{EC41AE88-C0A6-40D0-980F-9C43E66ACEA1}.Debug|Win32.Build.0 = Debug|Win32
		{EC41AE88-C0A6-40D0-980F-9C43E66ACEA1}.Debug|x64.ActiveCfg = Debug|x64
		{EC41AE88-C0A6-40D0-980F-9C43E66ACEA1}.Debug|x64.Build.0 = Debug|x64
		{EC41AE88-C0A6-40D0-980F-9C43E66ACEA1}.Release|Win32.ActiveCfg = Release|Win32
		{EC41AE88-C0A6-40D0-980F-9C43E66ACEA1}.Release|Win32.Build.0 = Release|Win32
		{EC41AE88-C0A6-40D0-980F-9C43E66ACEA1}.Release|x64.ActiveCfg = Release|x64
		{EC41AE88-C0A6-40D0-980F-9C43E66ACEA1}.Release|x64.Build.0 = Release|x64
		{9E63C94E-CD1F-4463-ADD1-9E0863367117}.Debug|Win32.ActiveCfg = Debug|Win32
		{9E63C94E-CD1F-4463-ADD1-9E0863367117}.Debug|Win32.Build.0 = Debug|Win32
		{9E63C94E-CD1F-4463-ADD1-9E0863367117}.Debug|x64.ActiveCfg = Debug|x64
		{9E63C94E-CD1F-4463-ADD1-9E0863367117}.Release|Win32.ActiveCfg = Release|Win32
		{9E63C94E-CD1F-4463-ADD1-9E0863367117}.Release|Win32.Build.0 = Release|Win32
		{9E63C94E-CD1F-4463-ADD1-9E0863367117}.Release|x64.ActiveCfg = Release|x64
		{9E63C94E-CD1F-4463-ADD1-9E0863367117}.Release|x64.Build.0 = Release|x64
		{FA9D672F-ED44-497D-BAAC-108BFCA0DD08}.Debug|Win32.ActiveCfg = Debug|Win32
		{FA9D672F-ED44-497D-BAAC-108BFCA0DD08}.Debug|Win32.Build.0 = Debug|Win32
		{FA9D672F-ED44-497D-BAAC-108BFCA0DD08}.Debug|x64.ActiveCfg = Debug|x64
		{FA9D672F-ED44-497D-BAAC-108BFCA0DD08}.Release|Win32.ActiveCfg = Release|Win32
		{FA9D672F-ED44-497D-BAAC-108BFCA0DD08}.Release|Win32.Build.0 = Release|Win32
		{FA9D672F-ED44-497D-BAAC-108BFCA0DD08}.Release|x64.ActiveCfg = Release|x64
		{FA9D672F-ED44-497D-BAAC-108BFCA0DD08}.Release|x64.Build.0 = Release|x64
		{98FC8B7C-4110-495A-BF80-F3502D670F90}.Debug|Win32.ActiveCfg = Debug|Win32
		{98FC8B7C-4110-495A-BF80-F3502D670F90}.Debug|Win32.Build.0 = Debug|Win32
		{98FC8B7C-4110-495A-BF80-F3502D670F90}.Debug|x64.ActiveCfg = Debug|x64
		{98FC8B7C-4110-495A-BF80-F3502D670F90}.Debug|x64.Build.0 = Debug|x64
		{98FC8B7C-4110-495A-BF80-F3502D670F90}.Release|Win32.ActiveCfg = Release|Win32
		{98FC8B7C-4110-495A-BF80-F3502D670F90}.Release|Win32.Build.0 = Release|Win32
		{98FC8B7C-4110-495A-BF80-F3502D670F90}.Release|x64.ActiveCfg = Release|x64
		{98FC8B7C-4110-495A-BF80-F3502D670F90}.Release|x64.Build.0 = Release|x64
		{CDB92F04-527F-47D6-8339-3E457F5FA17F}.Debug|Win32.ActiveCfg = Debug|Win32
		{CDB92F04-527F-47D6-8339-3E457F5FA17F}.Debug|Win32.Build.0 = Debug|Win32
		{CDB92F04-527F-47D6-8339-3E457F5FA17F}.Debug|x64.ActiveCfg = Debug|x64
		{CDB92F04-527F-47D6-8339-3E457F5FA17F}.Debug|x64.Build.0 = Debug|x64
		{CDB92F04-527F-47D6-8339-3E457F5FA17F}.Release|Win32.ActiveCfg = Release|Win32
		{CDB92F04-527F-47D6-8339-3E457F5FA17F}.Release|Win32.Build.0 = Release|Win32
		{CDB92F04-527F-47D6-8339-3E457F5FA17F}.Release|x64.ActiveCfg = Release|x64
		{CDB92F04-527F-47D6-8339-3E457F5FA17F}.Release|x64.Build.0 = Release|x64
		{18CB1363-F002-4B15-8F7F-F00E280DD92E}.Debug|Win32.ActiveCfg = Debug|Win32
		{18CB1363-F002-4B15-8F7F-F00E280DD92E}.Debug|Win32.Build.0 = Debug|Win32
		{18CB1363-F002-4B15-8F7F-F00E280DD92E}.Debug|x64.ActiveCfg = Debug|x64
		{18CB1363-F002-4B15-8F7F-F00E280DD92E}.Release|Win32.ActiveCfg = Release|Win32
		{18CB1363-F002-4B15-8F7F-F00E280DD92E}.Release|Win32.Build.0 = Release|Win32
		{18CB1363-F002-4B15-8F7F-F00E280DD92E}.Release|x64.ActiveCfg = Release|x64
	EndGlobalSection
	GlobalSection(SolutionProperties) = preSolution
		HideSolutionNode = FALSE
	EndGlobalSection
	GlobalSection(NestedProjects) = preSolution
		{960C88F6-B839-44AD-AE18-C1B0BEFA6641} = {6136E7F7-76C9-492D-A32C-36C14EF0DE79}
		{5A572578-54D6-40FE-93BC-F8E838082B52} = {6136E7F7-76C9-492D-A32C-36C14EF0DE79}
		{23602D14-1F03-4690-B5C4-2022E21B057E} = {5A572578-54D6-40FE-93BC-F8E838082B52}
		{83A86A15-2F05-4EFB-B7C1-18592F7F3B06} = {CF8D6E2C-36DB-48C5-9F9D-B4CAFCB8E13E}
		{8A6113B8-46B6-46BC-9F17-0EDC02FF5EA6} = {6136E7F7-76C9-492D-A32C-36C14EF0DE79}
		{F3C3B639-4A62-49F9-84F2-787AD5D10D20} = {8A6113B8-46B6-46BC-9F17-0EDC02FF5EA6}
		{61445C3B-660C-4937-B736-3CD2B0F35A58} = {F3C3B639-4A62-49F9-84F2-787AD5D10D20}
		{28385124-81B3-481C-A669-0B261946ACB4} = {F3C3B639-4A62-49F9-84F2-787AD5D10D20}
		{136D525D-DB06-4A26-AC78-263CFAE76AAA} = {28385124-81B3-481C-A669-0B261946ACB4}
		{16608C67-3E3E-4356-8AEB-C53D8B447DF2} = {136D525D-DB06-4A26-AC78-263CFAE76AAA}
		{6F1AD522-CE38-40A5-84F1-E6CFE9923420} = {16608C67-3E3E-4356-8AEB-C53D8B447DF2}
		{DD34CE7A-E164-4E5E-87EF-BF8B44431AE0} = {5A572578-54D6-40FE-93BC-F8E838082B52}
		{F082C111-2D5D-4BC9-B57A-17D1F3C921CC} = {DD34CE7A-E164-4E5E-87EF-BF8B44431AE0}
		{790404EC-635B-4797-8F52-F1D45345FE5A} = {F082C111-2D5D-4BC9-B57A-17D1F3C921CC}
		{5CFBA96B-9923-43AD-AEA6-3958D0D106BA} = {790404EC-635B-4797-8F52-F1D45345FE5A}
		{10AC39FC-B398-48A3-9C9C-95A4E07D9A48} = {8A6113B8-46B6-46BC-9F17-0EDC02FF5EA6}
		{14EDC47C-C44C-4821-B32D-DFC49FF00F67} = {EBE57489-1CFE-49BE-A830-8A8C171803DE}
		{8D6E6DC8-BFC1-4D67-8B35-25A94C97BCEB} = {4560AF12-FA84-49FA-94E4-19CB5A898DF0}
		{D46D1142-2F9F-4CAF-8764-F7D8BAE80FFD} = {4560AF12-FA84-49FA-94E4-19CB5A898DF0}
		{8532DEAA-56D3-4FF4-8FB8-664EFE6EEF83} = {4560AF12-FA84-49FA-94E4-19CB5A898DF0}
		{B8DE1218-452B-46CE-A380-4B11F3D8C1DA} = {4560AF12-FA84-49FA-94E4-19CB5A898DF0}
		{27D48BF6-EBC4-417B-9E4E-B7FA2F75D570} = {060BE89F-4362-4D47-8ED0-67F456629B3C}
		{6222D284-3E51-4145-8FE1-4FE12C18029C} = {060BE89F-4362-4D47-8ED0-67F456629B3C}
		{7435F9F4-3EFE-42AA-9436-0E4D5229CD8D} = {060BE89F-4362-4D47-8ED0-67F456629B3C}
		{D3148DDA-8655-4779-B555-0707C04BDB2D} = {060BE89F-4362-4D47-8ED0-67F456629B3C}
		{8B820B2B-829F-4C6D-8D16-FD867FA067EF} = {060BE89F-4362-4D47-8ED0-67F456629B3C}
		{1F7F5996-F935-45D2-B4D5-E6E51BC465F7} = {060BE89F-4362-4D47-8ED0-67F456629B3C}
		{B3A74EA1-07FD-4E38-A10F-2D86CEDBB574} = {060BE89F-4362-4D47-8ED0-67F456629B3C}
		{3BCB9212-D047-4D43-91B6-ACC8EC9CB7D1} = {060BE89F-4362-4D47-8ED0-67F456629B3C}
		{64506169-1F9D-4679-B135-122B46F861EB} = {060BE89F-4362-4D47-8ED0-67F456629B3C}
		{47939C76-2E04-4023-ADAA-911E6240104B} = {4560AF12-FA84-49FA-94E4-19CB5A898DF0}
		{789616AD-B765-4211-9ACC-0CA60DEB4BD2} = {4560AF12-FA84-49FA-94E4-19CB5A898DF0}
		{1DDE8A69-B646-4786-A636-6D840C603695} = {4560AF12-FA84-49FA-94E4-19CB5A898DF0}
		{A58C30ED-DB36-4390-BEEF-3F050BDD601E} = {4560AF12-FA84-49FA-94E4-19CB5A898DF0}
		{8738FDAD-B4A1-48ED-B021-6FAAB9AB5072} = {4560AF12-FA84-49FA-94E4-19CB5A898DF0}
		{422E909B-A304-47A3-A2E6-8959FF5BC156} = {4560AF12-FA84-49FA-94E4-19CB5A898DF0}
		{66F466A4-342A-48F4-B1A6-785C636457D1} = {4560AF12-FA84-49FA-94E4-19CB5A898DF0}
		{20A2401B-CB2F-4BC0-BD99-A742EE5ABF7B} = {4560AF12-FA84-49FA-94E4-19CB5A898DF0}
		{BB56DF02-AE58-4038-BB0D-DAE32A42E33B} = {5A572578-54D6-40FE-93BC-F8E838082B52}
		{4A25F3BD-4696-4D2D-8AD3-5FC86FCF4C36} = {BB56DF02-AE58-4038-BB0D-DAE32A42E33B}
		{FF374AE5-D75B-46F6-A439-EFC0BAEAB103} = {5A572578-54D6-40FE-93BC-F8E838082B52}
		{CB135757-4130-44DC-A10D-7566F0B9AD6C} = {FF374AE5-D75B-46F6-A439-EFC0BAEAB103}
		{A6E11ED7-0BBC-45F6-91EC-29C3598E0D0B} = {CB135757-4130-44DC-A10D-7566F0B9AD6C}
		{F75749BF-5C55-4DB8-BDEF-374D3686B20C} = {5A572578-54D6-40FE-93BC-F8E838082B52}
		{1E75DF97-E505-48FA-B6BA-416097A4BEE2} = {5A572578-54D6-40FE-93BC-F8E838082B52}
		{4DE33B95-B6D3-47AE-99D3-1C8C77100D56} = {10AC39FC-B398-48A3-9C9C-95A4E07D9A48}
		{63A95A69-4970-4BB7-A49E-F73445CDFBEB} = {10AC39FC-B398-48A3-9C9C-95A4E07D9A48}
		{76182E65-4E95-4ACC-97C1-6246820732C4} = {10AC39FC-B398-48A3-9C9C-95A4E07D9A48}
		{6247C9CE-62BD-4306-AD5E-D86377F991FC} = {10AC39FC-B398-48A3-9C9C-95A4E07D9A48}
		{BF214040-A370-4A9E-9A33-95D5AB5ECA2F} = {4560AF12-FA84-49FA-94E4-19CB5A898DF0}
		{58CCE292-A622-4483-A310-8022215D158C} = {BF214040-A370-4A9E-9A33-95D5AB5ECA2F}
		{EA960234-7A49-4F69-A725-65EDCA57F825} = {BF214040-A370-4A9E-9A33-95D5AB5ECA2F}
		{DE2F0159-E927-490E-8BD4-7182CFF70EBD} = {BF214040-A370-4A9E-9A33-95D5AB5ECA2F}
		{44D3BD75-4549-420C-8B48-D243C02F8AB8} = {4560AF12-FA84-49FA-94E4-19CB5A898DF0}
		{ADE2F4F2-AAE1-4CEC-A132-70C791263D9C} = {060BE89F-4362-4D47-8ED0-67F456629B3C}
		{A20E9715-D1CE-4540-A3C5-271CE8E02E9A} = {4560AF12-FA84-49FA-94E4-19CB5A898DF0}
		{EC41AE88-C0A6-40D0-980F-9C43E66ACEA1} = {060BE89F-4362-4D47-8ED0-67F456629B3C}
		{9E63C94E-CD1F-4463-ADD1-9E0863367117} = {4560AF12-FA84-49FA-94E4-19CB5A898DF0}
		{FA9D672F-ED44-497D-BAAC-108BFCA0DD08} = {060BE89F-4362-4D47-8ED0-67F456629B3C}
		{2EA99CC7-9341-4268-A12D-CDE8D8268E79} = {5A572578-54D6-40FE-93BC-F8E838082B52}
		{98FC8B7C-4110-495A-BF80-F3502D670F90} = {4560AF12-FA84-49FA-94E4-19CB5A898DF0}
		{CDB92F04-527F-47D6-8339-3E457F5FA17F} = {060BE89F-4362-4D47-8ED0-67F456629B3C}
		{B9187F45-DF26-41E6-B33B-6A1F9D01AE18} = {060BE89F-4362-4D47-8ED0-67F456629B3C}
		{18CB1363-F002-4B15-8F7F-F00E280DD92E} = {B9187F45-DF26-41E6-B33B-6A1F9D01AE18}
	EndGlobalSection
EndGlobal
